// !$*UTF8*$!
{
	archiveVersion = 1;
	classes = {
	};
	objectVersion = 56;
	objects = {

/* Begin PBXBuildFile section */
		A431760F2B6FFBDE00093F0E /* AppDelegate.swift in Sources */ = {isa = PBXBuildFile; fileRef = A431760E2B6FFBDE00093F0E /* AppDelegate.swift */; };
		A43176112B6FFBDE00093F0E /* SceneDelegate.swift in Sources */ = {isa = PBXBuildFile; fileRef = A43176102B6FFBDE00093F0E /* SceneDelegate.swift */; };
		A43176182B6FFBE000093F0E /* Assets.xcassets in Resources */ = {isa = PBXBuildFile; fileRef = A43176172B6FFBE000093F0E /* Assets.xcassets */; };
		A431761B2B6FFBE000093F0E /* LaunchScreen.storyboard in Resources */ = {isa = PBXBuildFile; fileRef = A43176192B6FFBE000093F0E /* LaunchScreen.storyboard */; };
		A43C73922B8A436100B39F21 /* BaseTargetType.swift in Sources */ = {isa = PBXBuildFile; fileRef = A43C73912B8A436100B39F21 /* BaseTargetType.swift */; };
		A43C73982B8A43B400B39F21 /* HomeDto.swift in Sources */ = {isa = PBXBuildFile; fileRef = A43C73972B8A43B400B39F21 /* HomeDto.swift */; };
		A43C739B2B8A440D00B39F21 /* HomeAPI.swift in Sources */ = {isa = PBXBuildFile; fileRef = A43C739A2B8A440D00B39F21 /* HomeAPI.swift */; };
		A43C739E2B8A443700B39F21 /* HomeTarget.swift in Sources */ = {isa = PBXBuildFile; fileRef = A43C739D2B8A443700B39F21 /* HomeTarget.swift */; };
		A43C73A12B8A454300B39F21 /* HomeViewModel.swift in Sources */ = {isa = PBXBuildFile; fileRef = A43C73A02B8A454300B39F21 /* HomeViewModel.swift */; };
		A43C73A42B8A461B00B39F21 /* RxBlocking in Frameworks */ = {isa = PBXBuildFile; productRef = A43C73A32B8A461B00B39F21 /* RxBlocking */; };
		A43C73A82B8A461B00B39F21 /* RxCocoa in Frameworks */ = {isa = PBXBuildFile; productRef = A43C73A72B8A461B00B39F21 /* RxCocoa */; };
		A43C73AC2B8A461B00B39F21 /* RxRelay in Frameworks */ = {isa = PBXBuildFile; productRef = A43C73AB2B8A461B00B39F21 /* RxRelay */; };
		A43C73B82B8B95DF00B39F21 /* UmbrellaMapView.swift in Sources */ = {isa = PBXBuildFile; fileRef = A43C73B72B8B95DF00B39F21 /* UmbrellaMapView.swift */; };
		A43C73BA2B8B95ED00B39F21 /* UmbrellaMapViewController.swift in Sources */ = {isa = PBXBuildFile; fileRef = A43C73B92B8B95ED00B39F21 /* UmbrellaMapViewController.swift */; };
		A43C73BD2B8BA30100B39F21 /* UmbrellaMapViewModel.swift in Sources */ = {isa = PBXBuildFile; fileRef = A43C73BC2B8BA30100B39F21 /* UmbrellaMapViewModel.swift */; };
		A43C73C02B8BA37100B39F21 /* UmbrellaAvailableDto.swift in Sources */ = {isa = PBXBuildFile; fileRef = A43C73BF2B8BA37100B39F21 /* UmbrellaAvailableDto.swift */; };
		A43C73C32B8BA3A200B39F21 /* UmbrellaTarget.swift in Sources */ = {isa = PBXBuildFile; fileRef = A43C73C22B8BA3A200B39F21 /* UmbrellaTarget.swift */; };
		A43C73C62B8BA46400B39F21 /* UmbrellaAPI.swift in Sources */ = {isa = PBXBuildFile; fileRef = A43C73C52B8BA46400B39F21 /* UmbrellaAPI.swift */; };
		A43C73D02B8E5DF900B39F21 /* UmbrellaRentBottomSheetView.swift in Sources */ = {isa = PBXBuildFile; fileRef = A43C73CF2B8E5DF900B39F21 /* UmbrellaRentBottomSheetView.swift */; };
		A43C73D32B8F108C00B39F21 /* UmbrellaRentViewModel.swift in Sources */ = {isa = PBXBuildFile; fileRef = A43C73D22B8F108C00B39F21 /* UmbrellaRentViewModel.swift */; };
		A43C73D52B8F130A00B39F21 /* UmbrellaCheckDto.swift in Sources */ = {isa = PBXBuildFile; fileRef = A43C73D42B8F130A00B39F21 /* UmbrellaCheckDto.swift */; };
		A43C74082B9057DC00B39F21 /* UmbrellaRentBottomSheetViewController.swift in Sources */ = {isa = PBXBuildFile; fileRef = A43C74072B9057DC00B39F21 /* UmbrellaRentBottomSheetViewController.swift */; };
		A43C740A2B907E2400B39F21 /* UmbrellaLendDto.swift in Sources */ = {isa = PBXBuildFile; fileRef = A43C74092B907E2400B39F21 /* UmbrellaLendDto.swift */; };
		A43C740F2B9087ED00B39F21 /* UmbrellaReturnView.swift in Sources */ = {isa = PBXBuildFile; fileRef = A43C740E2B9087ED00B39F21 /* UmbrellaReturnView.swift */; };
		A43C74112B9087FC00B39F21 /* UmbrellaReturnViewController.swift in Sources */ = {isa = PBXBuildFile; fileRef = A43C74102B9087FC00B39F21 /* UmbrellaReturnViewController.swift */; };
		A43C74152B90950100B39F21 /* UmbrellaReturnBottomSheetViewController.swift in Sources */ = {isa = PBXBuildFile; fileRef = A43C74142B90950100B39F21 /* UmbrellaReturnBottomSheetViewController.swift */; };
		A43C74172B90952300B39F21 /* UmbrellaReturnBottomSheetView.swift in Sources */ = {isa = PBXBuildFile; fileRef = A43C74162B90952300B39F21 /* UmbrellaReturnBottomSheetView.swift */; };
		A43C741A2B90975D00B39F21 /* UmbrellaReturnPlaceCollectionViewCell.swift in Sources */ = {isa = PBXBuildFile; fileRef = A43C74192B90975D00B39F21 /* UmbrellaReturnPlaceCollectionViewCell.swift */; };
		A43C741C2B9098EB00B39F21 /* UmbrellaPlaceDto.swift in Sources */ = {isa = PBXBuildFile; fileRef = A43C741B2B9098EB00B39F21 /* UmbrellaPlaceDto.swift */; };
		A43C74202B90A5E000B39F21 /* UmbrellaReturnAlertView.swift in Sources */ = {isa = PBXBuildFile; fileRef = A43C741F2B90A5E000B39F21 /* UmbrellaReturnAlertView.swift */; };
		A43C74222B90A7FF00B39F21 /* UmbrellaReturnAlertViewController.swift in Sources */ = {isa = PBXBuildFile; fileRef = A43C74212B90A7FF00B39F21 /* UmbrellaReturnAlertViewController.swift */; };
		A43C74272B90A95000B39F21 /* UmbrellaReturnViewModel.swift in Sources */ = {isa = PBXBuildFile; fileRef = A43C74262B90A95000B39F21 /* UmbrellaReturnViewModel.swift */; };
		A43C74292B90A9B300B39F21 /* UmbrellaReturnDto.swift in Sources */ = {isa = PBXBuildFile; fileRef = A43C74282B90A9B300B39F21 /* UmbrellaReturnDto.swift */; };
		A43C742B2B90C63700B39F21 /* UmbrellaReturnCompleteView.swift in Sources */ = {isa = PBXBuildFile; fileRef = A43C742A2B90C63700B39F21 /* UmbrellaReturnCompleteView.swift */; };
		A471D0762B8A410300109CA3 /* GeneralResponse.swift in Sources */ = {isa = PBXBuildFile; fileRef = A471D0752B8A410300109CA3 /* GeneralResponse.swift */; };
		A471D0782B8A419200109CA3 /* NetworkLoggerPlugin.swift in Sources */ = {isa = PBXBuildFile; fileRef = A471D0772B8A419200109CA3 /* NetworkLoggerPlugin.swift */; };
		A471D07A2B8A41A200109CA3 /* APIConstant.swift in Sources */ = {isa = PBXBuildFile; fileRef = A471D0792B8A41A200109CA3 /* APIConstant.swift */; };
		A471D07C2B8A426200109CA3 /* URLConstant.swift in Sources */ = {isa = PBXBuildFile; fileRef = A471D07B2B8A426200109CA3 /* URLConstant.swift */; };
		A488FB132B930710004D4A09 /* MypageViewController.swift in Sources */ = {isa = PBXBuildFile; fileRef = A488FB122B930710004D4A09 /* MypageViewController.swift */; };
		A488FB152B930717004D4A09 /* MypageView.swift in Sources */ = {isa = PBXBuildFile; fileRef = A488FB142B930717004D4A09 /* MypageView.swift */; };
		A488FB172B930725004D4A09 /* MypageViewModel.swift in Sources */ = {isa = PBXBuildFile; fileRef = A488FB162B930725004D4A09 /* MypageViewModel.swift */; };
		A488FB192B930732004D4A09 /* MypageCollectionViewCell.swift in Sources */ = {isa = PBXBuildFile; fileRef = A488FB182B930732004D4A09 /* MypageCollectionViewCell.swift */; };
		A488FB1C2B930F31004D4A09 /* MypageAPI.swift in Sources */ = {isa = PBXBuildFile; fileRef = A488FB1B2B930F31004D4A09 /* MypageAPI.swift */; };
		A488FB1F2B930F4C004D4A09 /* MypageTarget.swift in Sources */ = {isa = PBXBuildFile; fileRef = A488FB1E2B930F4C004D4A09 /* MypageTarget.swift */; };
		A488FB222B930F77004D4A09 /* MypageDto.swift in Sources */ = {isa = PBXBuildFile; fileRef = A488FB212B930F77004D4A09 /* MypageDto.swift */; };
		A4998B9E2B70FD9D00883017 /* FontLiterals.swift in Sources */ = {isa = PBXBuildFile; fileRef = A4998B9D2B70FD9D00883017 /* FontLiterals.swift */; };
		A4998BA02B70FDAA00883017 /* SizeLiterals.swift in Sources */ = {isa = PBXBuildFile; fileRef = A4998B9F2B70FDAA00883017 /* SizeLiterals.swift */; };
		A4998BA22B70FDB700883017 /* UIView+.swift in Sources */ = {isa = PBXBuildFile; fileRef = A4998BA12B70FDB700883017 /* UIView+.swift */; };
		A4998BA42B70FDCC00883017 /* UITextField+.swift in Sources */ = {isa = PBXBuildFile; fileRef = A4998BA32B70FDCC00883017 /* UITextField+.swift */; };
		A4998BA62B70FDFD00883017 /* UIStackView+.swift in Sources */ = {isa = PBXBuildFile; fileRef = A4998BA52B70FDFD00883017 /* UIStackView+.swift */; };
		A4998BA82B70FE2000883017 /* UITableViewRegisterable.swift in Sources */ = {isa = PBXBuildFile; fileRef = A4998BA72B70FE2000883017 /* UITableViewRegisterable.swift */; };
		A4998BAA2B70FE2B00883017 /* UICollectionViewRegisterable.swift in Sources */ = {isa = PBXBuildFile; fileRef = A4998BA92B70FE2B00883017 /* UICollectionViewRegisterable.swift */; };
		A4998BAC2B70FE3700883017 /* MakeVibrate.swift in Sources */ = {isa = PBXBuildFile; fileRef = A4998BAB2B70FE3700883017 /* MakeVibrate.swift */; };
		A4998BAF2B70FE5400883017 /* Config.swift in Sources */ = {isa = PBXBuildFile; fileRef = A4998BAE2B70FE5400883017 /* Config.swift */; };
		A4998BB22B70FEB300883017 /* SnapKit in Frameworks */ = {isa = PBXBuildFile; productRef = A4998BB12B70FEB300883017 /* SnapKit */; };
		A4998BB62B710B0D00883017 /* NSObject+.swift in Sources */ = {isa = PBXBuildFile; fileRef = A4998BB52B710B0D00883017 /* NSObject+.swift */; };
		A4998BDA2B77DC3B00883017 /* CombineMoya in Frameworks */ = {isa = PBXBuildFile; productRef = A4998BD92B77DC3B00883017 /* CombineMoya */; };
		A4998BDC2B77DC3B00883017 /* Moya in Frameworks */ = {isa = PBXBuildFile; productRef = A4998BDB2B77DC3B00883017 /* Moya */; };
		A4998BDE2B77DC3B00883017 /* ReactiveMoya in Frameworks */ = {isa = PBXBuildFile; productRef = A4998BDD2B77DC3B00883017 /* ReactiveMoya */; };
		A4998BE02B77DC3B00883017 /* RxMoya in Frameworks */ = {isa = PBXBuildFile; productRef = A4998BDF2B77DC3B00883017 /* RxMoya */; };
		A4998BE42B77DC6A00883017 /* UmbrellaRentViewController.swift in Sources */ = {isa = PBXBuildFile; fileRef = A4998BE32B77DC6A00883017 /* UmbrellaRentViewController.swift */; };
		A4998BE62B77DC7400883017 /* UmbrellaRentView.swift in Sources */ = {isa = PBXBuildFile; fileRef = A4998BE52B77DC7400883017 /* UmbrellaRentView.swift */; };
		A4998BEA2B79EA7200883017 /* UILabel+.swift in Sources */ = {isa = PBXBuildFile; fileRef = A4998BE92B79EA7200883017 /* UILabel+.swift */; };
		A4998BED2B79ED4300883017 /* SUIT-SemiBold.ttf in Resources */ = {isa = PBXBuildFile; fileRef = A4998BEC2B79ED4300883017 /* SUIT-SemiBold.ttf */; };
		A4998BF62B7F403400883017 /* Colors.xcassets in Resources */ = {isa = PBXBuildFile; fileRef = A4998BF52B7F403400883017 /* Colors.xcassets */; };
		A4998BFC2B7F431A00883017 /* SUIT-Medium.ttf in Resources */ = {isa = PBXBuildFile; fileRef = A4998BF92B7F431A00883017 /* SUIT-Medium.ttf */; };
		A4998BFD2B7F431A00883017 /* SUIT-Bold.ttf in Resources */ = {isa = PBXBuildFile; fileRef = A4998BFA2B7F431A00883017 /* SUIT-Bold.ttf */; };
		A4998BFE2B7F431A00883017 /* SUIT-Regular.ttf in Resources */ = {isa = PBXBuildFile; fileRef = A4998BFB2B7F431A00883017 /* SUIT-Regular.ttf */; };
		A4998C002B7F432B00883017 /* TmoneyRoundWindExtraBold.ttf in Resources */ = {isa = PBXBuildFile; fileRef = A4998BFF2B7F432B00883017 /* TmoneyRoundWindExtraBold.ttf */; };
		A4998C052B7F4B1900883017 /* SplashViewController.swift in Sources */ = {isa = PBXBuildFile; fileRef = A4998C042B7F4B1900883017 /* SplashViewController.swift */; };
		A4998C072B7F4B2500883017 /* SplashView.swift in Sources */ = {isa = PBXBuildFile; fileRef = A4998C062B7F4B2500883017 /* SplashView.swift */; };
		A4998C0D2B7F4D8900883017 /* LogoViewController.swift in Sources */ = {isa = PBXBuildFile; fileRef = A4998C0C2B7F4D8900883017 /* LogoViewController.swift */; };
		A4998C0F2B7F50A400883017 /* LogoView.swift in Sources */ = {isa = PBXBuildFile; fileRef = A4998C0E2B7F50A400883017 /* LogoView.swift */; };
		A4998C142B80501D00883017 /* LoginViewController.swift in Sources */ = {isa = PBXBuildFile; fileRef = A4998C132B80501D00883017 /* LoginViewController.swift */; };
		A4998C162B80502900883017 /* LoginView.swift in Sources */ = {isa = PBXBuildFile; fileRef = A4998C152B80502900883017 /* LoginView.swift */; };
		A4998C1A2B8053E300883017 /* CustomNavigationBar.swift in Sources */ = {isa = PBXBuildFile; fileRef = A4998C192B8053E300883017 /* CustomNavigationBar.swift */; };
		A4998C1D2B805AB000883017 /* CustomButton.swift in Sources */ = {isa = PBXBuildFile; fileRef = A4998C1C2B805AB000883017 /* CustomButton.swift */; };
		A4998C1F2B805AB900883017 /* CustomTextField.swift in Sources */ = {isa = PBXBuildFile; fileRef = A4998C1E2B805AB900883017 /* CustomTextField.swift */; };
		A4998C272B80845300883017 /* PhotoAttachViewController.swift in Sources */ = {isa = PBXBuildFile; fileRef = A4998C262B80845300883017 /* PhotoAttachViewController.swift */; };
		A4998C292B80846000883017 /* PhotoAttachView.swift in Sources */ = {isa = PBXBuildFile; fileRef = A4998C282B80846000883017 /* PhotoAttachView.swift */; };
		A4998C2B2B8088A000883017 /* UIButton+.swift in Sources */ = {isa = PBXBuildFile; fileRef = A4998C2A2B8088A000883017 /* UIButton+.swift */; };
		A4998C2F2B81CDFD00883017 /* SignupViewController.swift in Sources */ = {isa = PBXBuildFile; fileRef = A4998C2E2B81CDFD00883017 /* SignupViewController.swift */; };
		A4998C312B81CE0900883017 /* SignupView.swift in Sources */ = {isa = PBXBuildFile; fileRef = A4998C302B81CE0900883017 /* SignupView.swift */; };
		A4CBBCB52B83194800D55085 /* String+.swift in Sources */ = {isa = PBXBuildFile; fileRef = A4CBBCB42B83194800D55085 /* String+.swift */; };
		A4CBBCC82B85D9D000D55085 /* HomeViewController.swift in Sources */ = {isa = PBXBuildFile; fileRef = A4CBBCC72B85D9D000D55085 /* HomeViewController.swift */; };
		A4CBBCCC2B85D9E600D55085 /* HomeView.swift in Sources */ = {isa = PBXBuildFile; fileRef = A4CBBCCB2B85D9E600D55085 /* HomeView.swift */; };
		A4CBBCD02B85E88500D55085 /* CustomIcon.swift in Sources */ = {isa = PBXBuildFile; fileRef = A4CBBCCF2B85E88500D55085 /* CustomIcon.swift */; };
/* End PBXBuildFile section */

/* Begin PBXCopyFilesBuildPhase section */
		A43C73AE2B8A50D100B39F21 /* Embed Frameworks */ = {
			isa = PBXCopyFilesBuildPhase;
			buildActionMask = 2147483647;
			dstPath = "";
			dstSubfolderSpec = 10;
			files = (
			);
			name = "Embed Frameworks";
			runOnlyForDeploymentPostprocessing = 0;
		};
/* End PBXCopyFilesBuildPhase section */

/* Begin PBXFileReference section */
		A431760B2B6FFBDE00093F0E /* UmbrellaFriend-iOS.app */ = {isa = PBXFileReference; explicitFileType = wrapper.application; includeInIndex = 0; path = "UmbrellaFriend-iOS.app"; sourceTree = BUILT_PRODUCTS_DIR; };
		A431760E2B6FFBDE00093F0E /* AppDelegate.swift */ = {isa = PBXFileReference; lastKnownFileType = sourcecode.swift; path = AppDelegate.swift; sourceTree = "<group>"; };
		A43176102B6FFBDE00093F0E /* SceneDelegate.swift */ = {isa = PBXFileReference; lastKnownFileType = sourcecode.swift; path = SceneDelegate.swift; sourceTree = "<group>"; };
		A43176172B6FFBE000093F0E /* Assets.xcassets */ = {isa = PBXFileReference; lastKnownFileType = folder.assetcatalog; path = Assets.xcassets; sourceTree = "<group>"; };
		A431761A2B6FFBE000093F0E /* Base */ = {isa = PBXFileReference; lastKnownFileType = file.storyboard; name = Base; path = Base.lproj/LaunchScreen.storyboard; sourceTree = "<group>"; };
		A431761C2B6FFBE000093F0E /* Info.plist */ = {isa = PBXFileReference; lastKnownFileType = text.plist.xml; path = Info.plist; sourceTree = "<group>"; };
		A43C73912B8A436100B39F21 /* BaseTargetType.swift */ = {isa = PBXFileReference; lastKnownFileType = sourcecode.swift; path = BaseTargetType.swift; sourceTree = "<group>"; };
		A43C73972B8A43B400B39F21 /* HomeDto.swift */ = {isa = PBXFileReference; lastKnownFileType = sourcecode.swift; path = HomeDto.swift; sourceTree = "<group>"; };
		A43C739A2B8A440D00B39F21 /* HomeAPI.swift */ = {isa = PBXFileReference; lastKnownFileType = sourcecode.swift; path = HomeAPI.swift; sourceTree = "<group>"; };
		A43C739D2B8A443700B39F21 /* HomeTarget.swift */ = {isa = PBXFileReference; lastKnownFileType = sourcecode.swift; path = HomeTarget.swift; sourceTree = "<group>"; };
		A43C73A02B8A454300B39F21 /* HomeViewModel.swift */ = {isa = PBXFileReference; lastKnownFileType = sourcecode.swift; path = HomeViewModel.swift; sourceTree = "<group>"; };
		A43C73B72B8B95DF00B39F21 /* UmbrellaMapView.swift */ = {isa = PBXFileReference; lastKnownFileType = sourcecode.swift; path = UmbrellaMapView.swift; sourceTree = "<group>"; };
		A43C73B92B8B95ED00B39F21 /* UmbrellaMapViewController.swift */ = {isa = PBXFileReference; lastKnownFileType = sourcecode.swift; path = UmbrellaMapViewController.swift; sourceTree = "<group>"; };
		A43C73BC2B8BA30100B39F21 /* UmbrellaMapViewModel.swift */ = {isa = PBXFileReference; lastKnownFileType = sourcecode.swift; path = UmbrellaMapViewModel.swift; sourceTree = "<group>"; };
		A43C73BF2B8BA37100B39F21 /* UmbrellaAvailableDto.swift */ = {isa = PBXFileReference; lastKnownFileType = sourcecode.swift; path = UmbrellaAvailableDto.swift; sourceTree = "<group>"; };
		A43C73C22B8BA3A200B39F21 /* UmbrellaTarget.swift */ = {isa = PBXFileReference; lastKnownFileType = sourcecode.swift; path = UmbrellaTarget.swift; sourceTree = "<group>"; };
		A43C73C52B8BA46400B39F21 /* UmbrellaAPI.swift */ = {isa = PBXFileReference; lastKnownFileType = sourcecode.swift; path = UmbrellaAPI.swift; sourceTree = "<group>"; };
		A43C73CF2B8E5DF900B39F21 /* UmbrellaRentBottomSheetView.swift */ = {isa = PBXFileReference; lastKnownFileType = sourcecode.swift; path = UmbrellaRentBottomSheetView.swift; sourceTree = "<group>"; };
		A43C73D22B8F108C00B39F21 /* UmbrellaRentViewModel.swift */ = {isa = PBXFileReference; lastKnownFileType = sourcecode.swift; path = UmbrellaRentViewModel.swift; sourceTree = "<group>"; };
		A43C73D42B8F130A00B39F21 /* UmbrellaCheckDto.swift */ = {isa = PBXFileReference; lastKnownFileType = sourcecode.swift; path = UmbrellaCheckDto.swift; sourceTree = "<group>"; };
		A43C74072B9057DC00B39F21 /* UmbrellaRentBottomSheetViewController.swift */ = {isa = PBXFileReference; lastKnownFileType = sourcecode.swift; path = UmbrellaRentBottomSheetViewController.swift; sourceTree = "<group>"; };
		A43C74092B907E2400B39F21 /* UmbrellaLendDto.swift */ = {isa = PBXFileReference; lastKnownFileType = sourcecode.swift; path = UmbrellaLendDto.swift; sourceTree = "<group>"; };
		A43C740E2B9087ED00B39F21 /* UmbrellaReturnView.swift */ = {isa = PBXFileReference; lastKnownFileType = sourcecode.swift; path = UmbrellaReturnView.swift; sourceTree = "<group>"; };
		A43C74102B9087FC00B39F21 /* UmbrellaReturnViewController.swift */ = {isa = PBXFileReference; lastKnownFileType = sourcecode.swift; path = UmbrellaReturnViewController.swift; sourceTree = "<group>"; };
		A43C74142B90950100B39F21 /* UmbrellaReturnBottomSheetViewController.swift */ = {isa = PBXFileReference; lastKnownFileType = sourcecode.swift; path = UmbrellaReturnBottomSheetViewController.swift; sourceTree = "<group>"; };
		A43C74162B90952300B39F21 /* UmbrellaReturnBottomSheetView.swift */ = {isa = PBXFileReference; lastKnownFileType = sourcecode.swift; path = UmbrellaReturnBottomSheetView.swift; sourceTree = "<group>"; };
		A43C74192B90975D00B39F21 /* UmbrellaReturnPlaceCollectionViewCell.swift */ = {isa = PBXFileReference; lastKnownFileType = sourcecode.swift; path = UmbrellaReturnPlaceCollectionViewCell.swift; sourceTree = "<group>"; };
		A43C741B2B9098EB00B39F21 /* UmbrellaPlaceDto.swift */ = {isa = PBXFileReference; lastKnownFileType = sourcecode.swift; path = UmbrellaPlaceDto.swift; sourceTree = "<group>"; };
		A43C741F2B90A5E000B39F21 /* UmbrellaReturnAlertView.swift */ = {isa = PBXFileReference; lastKnownFileType = sourcecode.swift; path = UmbrellaReturnAlertView.swift; sourceTree = "<group>"; };
		A43C74212B90A7FF00B39F21 /* UmbrellaReturnAlertViewController.swift */ = {isa = PBXFileReference; lastKnownFileType = sourcecode.swift; path = UmbrellaReturnAlertViewController.swift; sourceTree = "<group>"; };
		A43C74262B90A95000B39F21 /* UmbrellaReturnViewModel.swift */ = {isa = PBXFileReference; lastKnownFileType = sourcecode.swift; path = UmbrellaReturnViewModel.swift; sourceTree = "<group>"; };
		A43C74282B90A9B300B39F21 /* UmbrellaReturnDto.swift */ = {isa = PBXFileReference; lastKnownFileType = sourcecode.swift; path = UmbrellaReturnDto.swift; sourceTree = "<group>"; };
		A43C742A2B90C63700B39F21 /* UmbrellaReturnCompleteView.swift */ = {isa = PBXFileReference; lastKnownFileType = sourcecode.swift; path = UmbrellaReturnCompleteView.swift; sourceTree = "<group>"; };
		A471D0732B8A3E8500109CA3 /* ConfigDev.xcconfig */ = {isa = PBXFileReference; lastKnownFileType = text.xcconfig; path = ConfigDev.xcconfig; sourceTree = "<group>"; };
		A471D0752B8A410300109CA3 /* GeneralResponse.swift */ = {isa = PBXFileReference; lastKnownFileType = sourcecode.swift; path = GeneralResponse.swift; sourceTree = "<group>"; };
		A471D0772B8A419200109CA3 /* NetworkLoggerPlugin.swift */ = {isa = PBXFileReference; lastKnownFileType = sourcecode.swift; path = NetworkLoggerPlugin.swift; sourceTree = "<group>"; };
		A471D0792B8A41A200109CA3 /* APIConstant.swift */ = {isa = PBXFileReference; lastKnownFileType = sourcecode.swift; path = APIConstant.swift; sourceTree = "<group>"; };
		A471D07B2B8A426200109CA3 /* URLConstant.swift */ = {isa = PBXFileReference; lastKnownFileType = sourcecode.swift; path = URLConstant.swift; sourceTree = "<group>"; };
		A488FB122B930710004D4A09 /* MypageViewController.swift */ = {isa = PBXFileReference; lastKnownFileType = sourcecode.swift; path = MypageViewController.swift; sourceTree = "<group>"; };
		A488FB142B930717004D4A09 /* MypageView.swift */ = {isa = PBXFileReference; lastKnownFileType = sourcecode.swift; path = MypageView.swift; sourceTree = "<group>"; };
		A488FB162B930725004D4A09 /* MypageViewModel.swift */ = {isa = PBXFileReference; lastKnownFileType = sourcecode.swift; path = MypageViewModel.swift; sourceTree = "<group>"; };
		A488FB182B930732004D4A09 /* MypageCollectionViewCell.swift */ = {isa = PBXFileReference; lastKnownFileType = sourcecode.swift; path = MypageCollectionViewCell.swift; sourceTree = "<group>"; };
		A488FB1B2B930F31004D4A09 /* MypageAPI.swift */ = {isa = PBXFileReference; lastKnownFileType = sourcecode.swift; path = MypageAPI.swift; sourceTree = "<group>"; };
		A488FB1E2B930F4C004D4A09 /* MypageTarget.swift */ = {isa = PBXFileReference; lastKnownFileType = sourcecode.swift; path = MypageTarget.swift; sourceTree = "<group>"; };
		A488FB212B930F77004D4A09 /* MypageDto.swift */ = {isa = PBXFileReference; lastKnownFileType = sourcecode.swift; path = MypageDto.swift; sourceTree = "<group>"; };
		A4998B9D2B70FD9D00883017 /* FontLiterals.swift */ = {isa = PBXFileReference; lastKnownFileType = sourcecode.swift; path = FontLiterals.swift; sourceTree = "<group>"; };
		A4998B9F2B70FDAA00883017 /* SizeLiterals.swift */ = {isa = PBXFileReference; lastKnownFileType = sourcecode.swift; path = SizeLiterals.swift; sourceTree = "<group>"; };
		A4998BA12B70FDB700883017 /* UIView+.swift */ = {isa = PBXFileReference; lastKnownFileType = sourcecode.swift; path = "UIView+.swift"; sourceTree = "<group>"; };
		A4998BA32B70FDCC00883017 /* UITextField+.swift */ = {isa = PBXFileReference; lastKnownFileType = sourcecode.swift; path = "UITextField+.swift"; sourceTree = "<group>"; };
		A4998BA52B70FDFD00883017 /* UIStackView+.swift */ = {isa = PBXFileReference; lastKnownFileType = sourcecode.swift; path = "UIStackView+.swift"; sourceTree = "<group>"; };
		A4998BA72B70FE2000883017 /* UITableViewRegisterable.swift */ = {isa = PBXFileReference; lastKnownFileType = sourcecode.swift; path = UITableViewRegisterable.swift; sourceTree = "<group>"; };
		A4998BA92B70FE2B00883017 /* UICollectionViewRegisterable.swift */ = {isa = PBXFileReference; lastKnownFileType = sourcecode.swift; path = UICollectionViewRegisterable.swift; sourceTree = "<group>"; };
		A4998BAB2B70FE3700883017 /* MakeVibrate.swift */ = {isa = PBXFileReference; lastKnownFileType = sourcecode.swift; path = MakeVibrate.swift; sourceTree = "<group>"; };
		A4998BAE2B70FE5400883017 /* Config.swift */ = {isa = PBXFileReference; lastKnownFileType = sourcecode.swift; path = Config.swift; sourceTree = "<group>"; };
		A4998BB52B710B0D00883017 /* NSObject+.swift */ = {isa = PBXFileReference; lastKnownFileType = sourcecode.swift; path = "NSObject+.swift"; sourceTree = "<group>"; };
		A4998BE32B77DC6A00883017 /* UmbrellaRentViewController.swift */ = {isa = PBXFileReference; lastKnownFileType = sourcecode.swift; path = UmbrellaRentViewController.swift; sourceTree = "<group>"; };
		A4998BE52B77DC7400883017 /* UmbrellaRentView.swift */ = {isa = PBXFileReference; lastKnownFileType = sourcecode.swift; path = UmbrellaRentView.swift; sourceTree = "<group>"; };
		A4998BE92B79EA7200883017 /* UILabel+.swift */ = {isa = PBXFileReference; lastKnownFileType = sourcecode.swift; path = "UILabel+.swift"; sourceTree = "<group>"; };
		A4998BEC2B79ED4300883017 /* SUIT-SemiBold.ttf */ = {isa = PBXFileReference; lastKnownFileType = file; path = "SUIT-SemiBold.ttf"; sourceTree = "<group>"; };
		A4998BF52B7F403400883017 /* Colors.xcassets */ = {isa = PBXFileReference; lastKnownFileType = folder.assetcatalog; path = Colors.xcassets; sourceTree = "<group>"; };
		A4998BF92B7F431A00883017 /* SUIT-Medium.ttf */ = {isa = PBXFileReference; lastKnownFileType = file; path = "SUIT-Medium.ttf"; sourceTree = "<group>"; };
		A4998BFA2B7F431A00883017 /* SUIT-Bold.ttf */ = {isa = PBXFileReference; lastKnownFileType = file; path = "SUIT-Bold.ttf"; sourceTree = "<group>"; };
		A4998BFB2B7F431A00883017 /* SUIT-Regular.ttf */ = {isa = PBXFileReference; lastKnownFileType = file; path = "SUIT-Regular.ttf"; sourceTree = "<group>"; };
		A4998BFF2B7F432B00883017 /* TmoneyRoundWindExtraBold.ttf */ = {isa = PBXFileReference; lastKnownFileType = file; path = TmoneyRoundWindExtraBold.ttf; sourceTree = "<group>"; };
		A4998C042B7F4B1900883017 /* SplashViewController.swift */ = {isa = PBXFileReference; lastKnownFileType = sourcecode.swift; path = SplashViewController.swift; sourceTree = "<group>"; };
		A4998C062B7F4B2500883017 /* SplashView.swift */ = {isa = PBXFileReference; lastKnownFileType = sourcecode.swift; path = SplashView.swift; sourceTree = "<group>"; };
		A4998C0C2B7F4D8900883017 /* LogoViewController.swift */ = {isa = PBXFileReference; lastKnownFileType = sourcecode.swift; path = LogoViewController.swift; sourceTree = "<group>"; };
		A4998C0E2B7F50A400883017 /* LogoView.swift */ = {isa = PBXFileReference; lastKnownFileType = sourcecode.swift; path = LogoView.swift; sourceTree = "<group>"; };
		A4998C132B80501D00883017 /* LoginViewController.swift */ = {isa = PBXFileReference; lastKnownFileType = sourcecode.swift; path = LoginViewController.swift; sourceTree = "<group>"; };
		A4998C152B80502900883017 /* LoginView.swift */ = {isa = PBXFileReference; lastKnownFileType = sourcecode.swift; path = LoginView.swift; sourceTree = "<group>"; };
		A4998C192B8053E300883017 /* CustomNavigationBar.swift */ = {isa = PBXFileReference; lastKnownFileType = sourcecode.swift; path = CustomNavigationBar.swift; sourceTree = "<group>"; };
		A4998C1C2B805AB000883017 /* CustomButton.swift */ = {isa = PBXFileReference; lastKnownFileType = sourcecode.swift; path = CustomButton.swift; sourceTree = "<group>"; };
		A4998C1E2B805AB900883017 /* CustomTextField.swift */ = {isa = PBXFileReference; lastKnownFileType = sourcecode.swift; path = CustomTextField.swift; sourceTree = "<group>"; };
		A4998C262B80845300883017 /* PhotoAttachViewController.swift */ = {isa = PBXFileReference; lastKnownFileType = sourcecode.swift; path = PhotoAttachViewController.swift; sourceTree = "<group>"; };
		A4998C282B80846000883017 /* PhotoAttachView.swift */ = {isa = PBXFileReference; lastKnownFileType = sourcecode.swift; path = PhotoAttachView.swift; sourceTree = "<group>"; };
		A4998C2A2B8088A000883017 /* UIButton+.swift */ = {isa = PBXFileReference; lastKnownFileType = sourcecode.swift; path = "UIButton+.swift"; sourceTree = "<group>"; };
		A4998C2E2B81CDFD00883017 /* SignupViewController.swift */ = {isa = PBXFileReference; lastKnownFileType = sourcecode.swift; path = SignupViewController.swift; sourceTree = "<group>"; };
		A4998C302B81CE0900883017 /* SignupView.swift */ = {isa = PBXFileReference; lastKnownFileType = sourcecode.swift; path = SignupView.swift; sourceTree = "<group>"; };
		A4CBBCB42B83194800D55085 /* String+.swift */ = {isa = PBXFileReference; lastKnownFileType = sourcecode.swift; path = "String+.swift"; sourceTree = "<group>"; };
		A4CBBCC72B85D9D000D55085 /* HomeViewController.swift */ = {isa = PBXFileReference; lastKnownFileType = sourcecode.swift; path = HomeViewController.swift; sourceTree = "<group>"; };
		A4CBBCCB2B85D9E600D55085 /* HomeView.swift */ = {isa = PBXFileReference; lastKnownFileType = sourcecode.swift; path = HomeView.swift; sourceTree = "<group>"; };
		A4CBBCCF2B85E88500D55085 /* CustomIcon.swift */ = {isa = PBXFileReference; lastKnownFileType = sourcecode.swift; path = CustomIcon.swift; sourceTree = "<group>"; };
/* End PBXFileReference section */

/* Begin PBXFrameworksBuildPhase section */
		A43176082B6FFBDE00093F0E /* Frameworks */ = {
			isa = PBXFrameworksBuildPhase;
			buildActionMask = 2147483647;
			files = (
				A43C73AC2B8A461B00B39F21 /* RxRelay in Frameworks */,
				A4998BE02B77DC3B00883017 /* RxMoya in Frameworks */,
				A43C73A42B8A461B00B39F21 /* RxBlocking in Frameworks */,
				A4998BDA2B77DC3B00883017 /* CombineMoya in Frameworks */,
				A4998BDE2B77DC3B00883017 /* ReactiveMoya in Frameworks */,
				A4998BB22B70FEB300883017 /* SnapKit in Frameworks */,
				A43C73A82B8A461B00B39F21 /* RxCocoa in Frameworks */,
				A4998BDC2B77DC3B00883017 /* Moya in Frameworks */,
			);
			runOnlyForDeploymentPostprocessing = 0;
		};
/* End PBXFrameworksBuildPhase section */

/* Begin PBXGroup section */
		A43176022B6FFBDE00093F0E = {
			isa = PBXGroup;
			children = (
				A431760D2B6FFBDE00093F0E /* UmbrellaFriend-iOS */,
				A431760C2B6FFBDE00093F0E /* Products */,
			);
			sourceTree = "<group>";
		};
		A431760C2B6FFBDE00093F0E /* Products */ = {
			isa = PBXGroup;
			children = (
				A431760B2B6FFBDE00093F0E /* UmbrellaFriend-iOS.app */,
			);
			name = Products;
			sourceTree = "<group>";
		};
		A431760D2B6FFBDE00093F0E /* UmbrellaFriend-iOS */ = {
			isa = PBXGroup;
			children = (
				A4998B952B70FD1D00883017 /* Application */,
				A4998B942B70FD1700883017 /* Global */,
				A4998B932B70FD1000883017 /* Network */,
				A4998B922B70FD0900883017 /* Presentation */,
				A431761C2B6FFBE000093F0E /* Info.plist */,
				A471D0732B8A3E8500109CA3 /* ConfigDev.xcconfig */,
			);
			path = "UmbrellaFriend-iOS";
			sourceTree = "<group>";
		};
		A43C73932B8A437400B39F21 /* APIService */ = {
			isa = PBXGroup;
			children = (
				A488FB1D2B930F43004D4A09 /* Mypage */,
				A43C73C12B8BA39700B39F21 /* Umbrella */,
				A43C739C2B8A442E00B39F21 /* Home */,
			);
			path = APIService;
			sourceTree = "<group>";
		};
		A43C73942B8A437900B39F21 /* API */ = {
			isa = PBXGroup;
			children = (
				A488FB1A2B930F24004D4A09 /* Mypage */,
				A43C73C42B8BA45900B39F21 /* Umbrella */,
				A43C73992B8A440500B39F21 /* Home */,
			);
			path = API;
			sourceTree = "<group>";
		};
		A43C73952B8A438500B39F21 /* Data */ = {
			isa = PBXGroup;
			children = (
				A488FB202B930F6F004D4A09 /* Mypage */,
				A43C73BE2B8BA35200B39F21 /* Umbrella */,
				A43C73962B8A43A800B39F21 /* Home */,
			);
			path = Data;
			sourceTree = "<group>";
		};
		A43C73962B8A43A800B39F21 /* Home */ = {
			isa = PBXGroup;
			children = (
				A43C73972B8A43B400B39F21 /* HomeDto.swift */,
			);
			path = Home;
			sourceTree = "<group>";
		};
		A43C73992B8A440500B39F21 /* Home */ = {
			isa = PBXGroup;
			children = (
				A43C739A2B8A440D00B39F21 /* HomeAPI.swift */,
			);
			path = Home;
			sourceTree = "<group>";
		};
		A43C739C2B8A442E00B39F21 /* Home */ = {
			isa = PBXGroup;
			children = (
				A43C739D2B8A443700B39F21 /* HomeTarget.swift */,
			);
			path = Home;
			sourceTree = "<group>";
		};
		A43C739F2B8A453B00B39F21 /* ViewModel */ = {
			isa = PBXGroup;
			children = (
				A43C73A02B8A454300B39F21 /* HomeViewModel.swift */,
			);
			path = ViewModel;
			sourceTree = "<group>";
		};
		A43C73B32B8B952000B39F21 /* Umbrella */ = {
			isa = PBXGroup;
			children = (
				A4998BD12B77DA5B00883017 /* UmbrellaRentScene */,
				A43C740B2B90879900B39F21 /* UmbrellaReturnScene */,
				A43C73B42B8B953C00B39F21 /* UmbrellaMapScene */,
			);
			path = Umbrella;
			sourceTree = "<group>";
		};
		A43C73B42B8B953C00B39F21 /* UmbrellaMapScene */ = {
			isa = PBXGroup;
			children = (
				A43C73B62B8B956800B39F21 /* View */,
				A43C73BB2B8BA2EE00B39F21 /* ViewModel */,
				A43C73B52B8B955F00B39F21 /* ViewController */,
			);
			path = UmbrellaMapScene;
			sourceTree = "<group>";
		};
		A43C73B52B8B955F00B39F21 /* ViewController */ = {
			isa = PBXGroup;
			children = (
				A43C73B92B8B95ED00B39F21 /* UmbrellaMapViewController.swift */,
			);
			path = ViewController;
			sourceTree = "<group>";
		};
		A43C73B62B8B956800B39F21 /* View */ = {
			isa = PBXGroup;
			children = (
				A43C73B72B8B95DF00B39F21 /* UmbrellaMapView.swift */,
			);
			path = View;
			sourceTree = "<group>";
		};
		A43C73BB2B8BA2EE00B39F21 /* ViewModel */ = {
			isa = PBXGroup;
			children = (
				A43C73BC2B8BA30100B39F21 /* UmbrellaMapViewModel.swift */,
			);
			path = ViewModel;
			sourceTree = "<group>";
		};
		A43C73BE2B8BA35200B39F21 /* Umbrella */ = {
			isa = PBXGroup;
			children = (
				A43C73BF2B8BA37100B39F21 /* UmbrellaAvailableDto.swift */,
				A43C73D42B8F130A00B39F21 /* UmbrellaCheckDto.swift */,
				A43C74092B907E2400B39F21 /* UmbrellaLendDto.swift */,
				A43C741B2B9098EB00B39F21 /* UmbrellaPlaceDto.swift */,
				A43C74282B90A9B300B39F21 /* UmbrellaReturnDto.swift */,
			);
			path = Umbrella;
			sourceTree = "<group>";
		};
		A43C73C12B8BA39700B39F21 /* Umbrella */ = {
			isa = PBXGroup;
			children = (
				A43C73C22B8BA3A200B39F21 /* UmbrellaTarget.swift */,
			);
			path = Umbrella;
			sourceTree = "<group>";
		};
		A43C73C42B8BA45900B39F21 /* Umbrella */ = {
			isa = PBXGroup;
			children = (
				A43C73C52B8BA46400B39F21 /* UmbrellaAPI.swift */,
			);
			path = Umbrella;
			sourceTree = "<group>";
		};
		A43C73D12B8F106F00B39F21 /* ViewModel */ = {
			isa = PBXGroup;
			children = (
				A43C73D22B8F108C00B39F21 /* UmbrellaRentViewModel.swift */,
			);
			path = ViewModel;
			sourceTree = "<group>";
		};
		A43C740B2B90879900B39F21 /* UmbrellaReturnScene */ = {
			isa = PBXGroup;
			children = (
				A43C74182B90973D00B39F21 /* Cell */,
				A43C740D2B9087A900B39F21 /* View */,
				A43C74232B90A92300B39F21 /* ViewModel */,
				A43C740C2B9087A300B39F21 /* ViewController */,
			);
			path = UmbrellaReturnScene;
			sourceTree = "<group>";
		};
		A43C740C2B9087A300B39F21 /* ViewController */ = {
			isa = PBXGroup;
			children = (
				A43C74102B9087FC00B39F21 /* UmbrellaReturnViewController.swift */,
				A43C74142B90950100B39F21 /* UmbrellaReturnBottomSheetViewController.swift */,
				A43C74212B90A7FF00B39F21 /* UmbrellaReturnAlertViewController.swift */,
			);
			path = ViewController;
			sourceTree = "<group>";
		};
		A43C740D2B9087A900B39F21 /* View */ = {
			isa = PBXGroup;
			children = (
				A43C740E2B9087ED00B39F21 /* UmbrellaReturnView.swift */,
				A43C74162B90952300B39F21 /* UmbrellaReturnBottomSheetView.swift */,
				A43C741F2B90A5E000B39F21 /* UmbrellaReturnAlertView.swift */,
				A43C742A2B90C63700B39F21 /* UmbrellaReturnCompleteView.swift */,
			);
			path = View;
			sourceTree = "<group>";
		};
		A43C74182B90973D00B39F21 /* Cell */ = {
			isa = PBXGroup;
			children = (
				A43C74192B90975D00B39F21 /* UmbrellaReturnPlaceCollectionViewCell.swift */,
			);
			path = Cell;
			sourceTree = "<group>";
		};
		A43C74232B90A92300B39F21 /* ViewModel */ = {
			isa = PBXGroup;
			children = (
				A43C74262B90A95000B39F21 /* UmbrellaReturnViewModel.swift */,
			);
			path = ViewModel;
			sourceTree = "<group>";
		};
		A471D0742B8A40D300109CA3 /* Base */ = {
			isa = PBXGroup;
			children = (
				A471D0752B8A410300109CA3 /* GeneralResponse.swift */,
				A471D0772B8A419200109CA3 /* NetworkLoggerPlugin.swift */,
				A471D0792B8A41A200109CA3 /* APIConstant.swift */,
				A471D07B2B8A426200109CA3 /* URLConstant.swift */,
				A43C73912B8A436100B39F21 /* BaseTargetType.swift */,
			);
			path = Base;
			sourceTree = "<group>";
		};
		A488FB0D2B9306EB004D4A09 /* Mypage */ = {
			isa = PBXGroup;
			children = (
				A488FB112B930704004D4A09 /* Cell */,
				A488FB102B9306FE004D4A09 /* View */,
				A488FB0F2B9306FA004D4A09 /* ViewModel */,
				A488FB0E2B9306F5004D4A09 /* ViewController */,
			);
			path = Mypage;
			sourceTree = "<group>";
		};
		A488FB0E2B9306F5004D4A09 /* ViewController */ = {
			isa = PBXGroup;
			children = (
				A488FB122B930710004D4A09 /* MypageViewController.swift */,
			);
			path = ViewController;
			sourceTree = "<group>";
		};
		A488FB0F2B9306FA004D4A09 /* ViewModel */ = {
			isa = PBXGroup;
			children = (
				A488FB162B930725004D4A09 /* MypageViewModel.swift */,
			);
			path = ViewModel;
			sourceTree = "<group>";
		};
		A488FB102B9306FE004D4A09 /* View */ = {
			isa = PBXGroup;
			children = (
				A488FB142B930717004D4A09 /* MypageView.swift */,
			);
			path = View;
			sourceTree = "<group>";
		};
		A488FB112B930704004D4A09 /* Cell */ = {
			isa = PBXGroup;
			children = (
				A488FB182B930732004D4A09 /* MypageCollectionViewCell.swift */,
			);
			path = Cell;
			sourceTree = "<group>";
		};
		A488FB1A2B930F24004D4A09 /* Mypage */ = {
			isa = PBXGroup;
			children = (
				A488FB1B2B930F31004D4A09 /* MypageAPI.swift */,
			);
			path = Mypage;
			sourceTree = "<group>";
		};
		A488FB1D2B930F43004D4A09 /* Mypage */ = {
			isa = PBXGroup;
			children = (
				A488FB1E2B930F4C004D4A09 /* MypageTarget.swift */,
			);
			path = Mypage;
			sourceTree = "<group>";
		};
		A488FB202B930F6F004D4A09 /* Mypage */ = {
			isa = PBXGroup;
			children = (
				A488FB212B930F77004D4A09 /* MypageDto.swift */,
			);
			path = Mypage;
			sourceTree = "<group>";
		};
		A4998B922B70FD0900883017 /* Presentation */ = {
			isa = PBXGroup;
			children = (
				A4998C172B8053C100883017 /* Common */,
				A4998C082B7F4D3D00883017 /* Auth */,
				A4998C012B7F4ABD00883017 /* Splash */,
				A4CBBCC32B85D9A900D55085 /* Home */,
				A43C73B32B8B952000B39F21 /* Umbrella */,
				A488FB0D2B9306EB004D4A09 /* Mypage */,
			);
			path = Presentation;
			sourceTree = "<group>";
		};
		A4998B932B70FD1000883017 /* Network */ = {
			isa = PBXGroup;
			children = (
				A471D0742B8A40D300109CA3 /* Base */,
				A4998BAD2B70FE4900883017 /* Environment */,
				A43C73952B8A438500B39F21 /* Data */,
				A43C73942B8A437900B39F21 /* API */,
				A43C73932B8A437400B39F21 /* APIService */,
			);
			path = Network;
			sourceTree = "<group>";
		};
		A4998B942B70FD1700883017 /* Global */ = {
			isa = PBXGroup;
			children = (
				A4998B962B70FD2C00883017 /* Resources */,
				A4998B9B2B70FD6B00883017 /* Literals */,
				A4998B9A2B70FD6500883017 /* Extension */,
				A4998B992B70FD6000883017 /* Protocols */,
				A4998B982B70FD5A00883017 /* Utils */,
				A4998B972B70FD5200883017 /* SupportingFiles */,
			);
			path = Global;
			sourceTree = "<group>";
		};
		A4998B952B70FD1D00883017 /* Application */ = {
			isa = PBXGroup;
			children = (
				A431760E2B6FFBDE00093F0E /* AppDelegate.swift */,
				A43176102B6FFBDE00093F0E /* SceneDelegate.swift */,
			);
			path = Application;
			sourceTree = "<group>";
		};
		A4998B962B70FD2C00883017 /* Resources */ = {
			isa = PBXGroup;
			children = (
				A4998BEB2B79ED3900883017 /* Font */,
				A43176172B6FFBE000093F0E /* Assets.xcassets */,
				A4998BF52B7F403400883017 /* Colors.xcassets */,
			);
			path = Resources;
			sourceTree = "<group>";
		};
		A4998B972B70FD5200883017 /* SupportingFiles */ = {
			isa = PBXGroup;
			children = (
				A43176192B6FFBE000093F0E /* LaunchScreen.storyboard */,
			);
			path = SupportingFiles;
			sourceTree = "<group>";
		};
		A4998B982B70FD5A00883017 /* Utils */ = {
			isa = PBXGroup;
			children = (
				A4998BAB2B70FE3700883017 /* MakeVibrate.swift */,
			);
			path = Utils;
			sourceTree = "<group>";
		};
		A4998B992B70FD6000883017 /* Protocols */ = {
			isa = PBXGroup;
			children = (
				A4998BA72B70FE2000883017 /* UITableViewRegisterable.swift */,
				A4998BA92B70FE2B00883017 /* UICollectionViewRegisterable.swift */,
			);
			path = Protocols;
			sourceTree = "<group>";
		};
		A4998B9A2B70FD6500883017 /* Extension */ = {
			isa = PBXGroup;
			children = (
				A4998BA12B70FDB700883017 /* UIView+.swift */,
				A4998BA32B70FDCC00883017 /* UITextField+.swift */,
				A4998BA52B70FDFD00883017 /* UIStackView+.swift */,
				A4998BB52B710B0D00883017 /* NSObject+.swift */,
				A4998BE92B79EA7200883017 /* UILabel+.swift */,
				A4998C2A2B8088A000883017 /* UIButton+.swift */,
				A4CBBCB42B83194800D55085 /* String+.swift */,
			);
			path = Extension;
			sourceTree = "<group>";
		};
		A4998B9B2B70FD6B00883017 /* Literals */ = {
			isa = PBXGroup;
			children = (
				A4998B9D2B70FD9D00883017 /* FontLiterals.swift */,
				A4998B9F2B70FDAA00883017 /* SizeLiterals.swift */,
			);
			path = Literals;
			sourceTree = "<group>";
		};
		A4998BAD2B70FE4900883017 /* Environment */ = {
			isa = PBXGroup;
			children = (
				A4998BAE2B70FE5400883017 /* Config.swift */,
			);
			path = Environment;
			sourceTree = "<group>";
		};
		A4998BD12B77DA5B00883017 /* UmbrellaRentScene */ = {
			isa = PBXGroup;
			children = (
				A4998BE22B77DC5A00883017 /* View */,
				A43C73D12B8F106F00B39F21 /* ViewModel */,
				A4998BE12B77DC5100883017 /* ViewController */,
			);
			path = UmbrellaRentScene;
			sourceTree = "<group>";
		};
		A4998BE12B77DC5100883017 /* ViewController */ = {
			isa = PBXGroup;
			children = (
				A4998BE32B77DC6A00883017 /* UmbrellaRentViewController.swift */,
				A43C74072B9057DC00B39F21 /* UmbrellaRentBottomSheetViewController.swift */,
			);
			path = ViewController;
			sourceTree = "<group>";
		};
		A4998BE22B77DC5A00883017 /* View */ = {
			isa = PBXGroup;
			children = (
				A4998BE52B77DC7400883017 /* UmbrellaRentView.swift */,
				A43C73CF2B8E5DF900B39F21 /* UmbrellaRentBottomSheetView.swift */,
			);
			path = View;
			sourceTree = "<group>";
		};
		A4998BEB2B79ED3900883017 /* Font */ = {
			isa = PBXGroup;
			children = (
				A4998BFF2B7F432B00883017 /* TmoneyRoundWindExtraBold.ttf */,
				A4998BFA2B7F431A00883017 /* SUIT-Bold.ttf */,
				A4998BF92B7F431A00883017 /* SUIT-Medium.ttf */,
				A4998BFB2B7F431A00883017 /* SUIT-Regular.ttf */,
				A4998BEC2B79ED4300883017 /* SUIT-SemiBold.ttf */,
			);
			path = Font;
			sourceTree = "<group>";
		};
		A4998C012B7F4ABD00883017 /* Splash */ = {
			isa = PBXGroup;
			children = (
				A4998C032B7F4B0500883017 /* View */,
				A4998C022B7F4AFD00883017 /* ViewController */,
			);
			path = Splash;
			sourceTree = "<group>";
		};
		A4998C022B7F4AFD00883017 /* ViewController */ = {
			isa = PBXGroup;
			children = (
				A4998C042B7F4B1900883017 /* SplashViewController.swift */,
			);
			path = ViewController;
			sourceTree = "<group>";
		};
		A4998C032B7F4B0500883017 /* View */ = {
			isa = PBXGroup;
			children = (
				A4998C062B7F4B2500883017 /* SplashView.swift */,
			);
			path = View;
			sourceTree = "<group>";
		};
		A4998C082B7F4D3D00883017 /* Auth */ = {
			isa = PBXGroup;
			children = (
				A4998C092B7F4D4100883017 /* LogoScene */,
				A4998C102B80500400883017 /* LoginScene */,
				A4998C232B80839E00883017 /* PhotoAttachScene */,
				A4998C222B80838B00883017 /* SignupScene */,
			);
			path = Auth;
			sourceTree = "<group>";
		};
		A4998C092B7F4D4100883017 /* LogoScene */ = {
			isa = PBXGroup;
			children = (
				A4998C0B2B7F4D7F00883017 /* View */,
				A4998C0A2B7F4D7900883017 /* ViewController */,
			);
			path = LogoScene;
			sourceTree = "<group>";
		};
		A4998C0A2B7F4D7900883017 /* ViewController */ = {
			isa = PBXGroup;
			children = (
				A4998C0C2B7F4D8900883017 /* LogoViewController.swift */,
			);
			path = ViewController;
			sourceTree = "<group>";
		};
		A4998C0B2B7F4D7F00883017 /* View */ = {
			isa = PBXGroup;
			children = (
				A4998C0E2B7F50A400883017 /* LogoView.swift */,
			);
			path = View;
			sourceTree = "<group>";
		};
		A4998C102B80500400883017 /* LoginScene */ = {
			isa = PBXGroup;
			children = (
				A4998C122B80501200883017 /* View */,
				A4998C112B80500D00883017 /* ViewController */,
			);
			path = LoginScene;
			sourceTree = "<group>";
		};
		A4998C112B80500D00883017 /* ViewController */ = {
			isa = PBXGroup;
			children = (
				A4998C132B80501D00883017 /* LoginViewController.swift */,
			);
			path = ViewController;
			sourceTree = "<group>";
		};
		A4998C122B80501200883017 /* View */ = {
			isa = PBXGroup;
			children = (
				A4998C152B80502900883017 /* LoginView.swift */,
			);
			path = View;
			sourceTree = "<group>";
		};
		A4998C172B8053C100883017 /* Common */ = {
			isa = PBXGroup;
			children = (
				A4998C1B2B805A7200883017 /* UIComponents */,
			);
			path = Common;
			sourceTree = "<group>";
		};
		A4998C1B2B805A7200883017 /* UIComponents */ = {
			isa = PBXGroup;
			children = (
				A4998C192B8053E300883017 /* CustomNavigationBar.swift */,
				A4998C1C2B805AB000883017 /* CustomButton.swift */,
				A4998C1E2B805AB900883017 /* CustomTextField.swift */,
				A4CBBCCF2B85E88500D55085 /* CustomIcon.swift */,
			);
			path = UIComponents;
			sourceTree = "<group>";
		};
		A4998C222B80838B00883017 /* SignupScene */ = {
			isa = PBXGroup;
			children = (
				A4998C2D2B81CDF000883017 /* View */,
				A4998C2C2B81CDEA00883017 /* ViewController */,
			);
			path = SignupScene;
			sourceTree = "<group>";
		};
		A4998C232B80839E00883017 /* PhotoAttachScene */ = {
			isa = PBXGroup;
			children = (
				A4998C252B80844000883017 /* View */,
				A4998C242B80843A00883017 /* ViewController */,
			);
			path = PhotoAttachScene;
			sourceTree = "<group>";
		};
		A4998C242B80843A00883017 /* ViewController */ = {
			isa = PBXGroup;
			children = (
				A4998C262B80845300883017 /* PhotoAttachViewController.swift */,
			);
			path = ViewController;
			sourceTree = "<group>";
		};
		A4998C252B80844000883017 /* View */ = {
			isa = PBXGroup;
			children = (
				A4998C282B80846000883017 /* PhotoAttachView.swift */,
			);
			path = View;
			sourceTree = "<group>";
		};
		A4998C2C2B81CDEA00883017 /* ViewController */ = {
			isa = PBXGroup;
			children = (
				A4998C2E2B81CDFD00883017 /* SignupViewController.swift */,
			);
			path = ViewController;
			sourceTree = "<group>";
		};
		A4998C2D2B81CDF000883017 /* View */ = {
			isa = PBXGroup;
			children = (
				A4998C302B81CE0900883017 /* SignupView.swift */,
			);
			path = View;
			sourceTree = "<group>";
		};
		A4CBBCC32B85D9A900D55085 /* Home */ = {
			isa = PBXGroup;
			children = (
				A4CBBCC42B85D9B800D55085 /* HomeScene */,
			);
			path = Home;
			sourceTree = "<group>";
		};
		A4CBBCC42B85D9B800D55085 /* HomeScene */ = {
			isa = PBXGroup;
			children = (
				A4CBBCC62B85D9C400D55085 /* View */,
				A43C739F2B8A453B00B39F21 /* ViewModel */,
				A4CBBCC52B85D9BF00D55085 /* ViewController */,
			);
			path = HomeScene;
			sourceTree = "<group>";
		};
		A4CBBCC52B85D9BF00D55085 /* ViewController */ = {
			isa = PBXGroup;
			children = (
				A4CBBCC72B85D9D000D55085 /* HomeViewController.swift */,
			);
			path = ViewController;
			sourceTree = "<group>";
		};
		A4CBBCC62B85D9C400D55085 /* View */ = {
			isa = PBXGroup;
			children = (
				A4CBBCCB2B85D9E600D55085 /* HomeView.swift */,
			);
			path = View;
			sourceTree = "<group>";
		};
/* End PBXGroup section */

/* Begin PBXNativeTarget section */
		A431760A2B6FFBDE00093F0E /* UmbrellaFriend-iOS */ = {
			isa = PBXNativeTarget;
			buildConfigurationList = A431761F2B6FFBE000093F0E /* Build configuration list for PBXNativeTarget "UmbrellaFriend-iOS" */;
			buildPhases = (
				A43176072B6FFBDE00093F0E /* Sources */,
				A43176082B6FFBDE00093F0E /* Frameworks */,
				A43176092B6FFBDE00093F0E /* Resources */,
				A43C73AE2B8A50D100B39F21 /* Embed Frameworks */,
			);
			buildRules = (
			);
			dependencies = (
			);
			name = "UmbrellaFriend-iOS";
			packageProductDependencies = (
				A4998BB12B70FEB300883017 /* SnapKit */,
				A4998BD92B77DC3B00883017 /* CombineMoya */,
				A4998BDB2B77DC3B00883017 /* Moya */,
				A4998BDD2B77DC3B00883017 /* ReactiveMoya */,
				A4998BDF2B77DC3B00883017 /* RxMoya */,
				A43C73A32B8A461B00B39F21 /* RxBlocking */,
				A43C73A72B8A461B00B39F21 /* RxCocoa */,
				A43C73AB2B8A461B00B39F21 /* RxRelay */,
			);
			productName = "UmbrellaFriend-iOS";
			productReference = A431760B2B6FFBDE00093F0E /* UmbrellaFriend-iOS.app */;
			productType = "com.apple.product-type.application";
		};
/* End PBXNativeTarget section */

/* Begin PBXProject section */
		A43176032B6FFBDE00093F0E /* Project object */ = {
			isa = PBXProject;
			attributes = {
				BuildIndependentTargetsInParallel = 1;
				LastSwiftUpdateCheck = 1520;
				LastUpgradeCheck = 1520;
				TargetAttributes = {
					A431760A2B6FFBDE00093F0E = {
						CreatedOnToolsVersion = 15.2;
					};
				};
			};
			buildConfigurationList = A43176062B6FFBDE00093F0E /* Build configuration list for PBXProject "UmbrellaFriend-iOS" */;
			compatibilityVersion = "Xcode 14.0";
			developmentRegion = en;
			hasScannedForEncodings = 0;
			knownRegions = (
				en,
				Base,
			);
			mainGroup = A43176022B6FFBDE00093F0E;
			packageReferences = (
				A4998BB02B70FEB300883017 /* XCRemoteSwiftPackageReference "SnapKit" */,
				A4998BD82B77DC3B00883017 /* XCRemoteSwiftPackageReference "Moya" */,
				A43C73A22B8A461B00B39F21 /* XCRemoteSwiftPackageReference "RxSwift" */,
			);
			productRefGroup = A431760C2B6FFBDE00093F0E /* Products */;
			projectDirPath = "";
			projectRoot = "";
			targets = (
				A431760A2B6FFBDE00093F0E /* UmbrellaFriend-iOS */,
			);
		};
/* End PBXProject section */

/* Begin PBXResourcesBuildPhase section */
		A43176092B6FFBDE00093F0E /* Resources */ = {
			isa = PBXResourcesBuildPhase;
			buildActionMask = 2147483647;
			files = (
				A4998BFD2B7F431A00883017 /* SUIT-Bold.ttf in Resources */,
				A4998BED2B79ED4300883017 /* SUIT-SemiBold.ttf in Resources */,
				A4998BFE2B7F431A00883017 /* SUIT-Regular.ttf in Resources */,
				A4998C002B7F432B00883017 /* TmoneyRoundWindExtraBold.ttf in Resources */,
				A4998BF62B7F403400883017 /* Colors.xcassets in Resources */,
				A4998BFC2B7F431A00883017 /* SUIT-Medium.ttf in Resources */,
				A431761B2B6FFBE000093F0E /* LaunchScreen.storyboard in Resources */,
				A43176182B6FFBE000093F0E /* Assets.xcassets in Resources */,
			);
			runOnlyForDeploymentPostprocessing = 0;
		};
/* End PBXResourcesBuildPhase section */

/* Begin PBXSourcesBuildPhase section */
		A43176072B6FFBDE00093F0E /* Sources */ = {
			isa = PBXSourcesBuildPhase;
			buildActionMask = 2147483647;
			files = (
				A4998BE42B77DC6A00883017 /* UmbrellaRentViewController.swift in Sources */,
				A43C73BD2B8BA30100B39F21 /* UmbrellaMapViewModel.swift in Sources */,
				A4998BA22B70FDB700883017 /* UIView+.swift in Sources */,
				A4CBBCC82B85D9D000D55085 /* HomeViewController.swift in Sources */,
				A43C73C32B8BA3A200B39F21 /* UmbrellaTarget.swift in Sources */,
				A43C74292B90A9B300B39F21 /* UmbrellaReturnDto.swift in Sources */,
				A43C742B2B90C63700B39F21 /* UmbrellaReturnCompleteView.swift in Sources */,
				A488FB222B930F77004D4A09 /* MypageDto.swift in Sources */,
				A4998C072B7F4B2500883017 /* SplashView.swift in Sources */,
				A43C73C02B8BA37100B39F21 /* UmbrellaAvailableDto.swift in Sources */,
				A4998BA02B70FDAA00883017 /* SizeLiterals.swift in Sources */,
				A43C741A2B90975D00B39F21 /* UmbrellaReturnPlaceCollectionViewCell.swift in Sources */,
				A4998C2B2B8088A000883017 /* UIButton+.swift in Sources */,
				A4998BA42B70FDCC00883017 /* UITextField+.swift in Sources */,
				A4998C0D2B7F4D8900883017 /* LogoViewController.swift in Sources */,
				A4998B9E2B70FD9D00883017 /* FontLiterals.swift in Sources */,
				A4CBBCD02B85E88500D55085 /* CustomIcon.swift in Sources */,
				A43C739E2B8A443700B39F21 /* HomeTarget.swift in Sources */,
				A4998C0F2B7F50A400883017 /* LogoView.swift in Sources */,
				A4998C142B80501D00883017 /* LoginViewController.swift in Sources */,
				A43C74082B9057DC00B39F21 /* UmbrellaRentBottomSheetViewController.swift in Sources */,
				A43C741C2B9098EB00B39F21 /* UmbrellaPlaceDto.swift in Sources */,
				A4998BAF2B70FE5400883017 /* Config.swift in Sources */,
				A431760F2B6FFBDE00093F0E /* AppDelegate.swift in Sources */,
				A4CBBCCC2B85D9E600D55085 /* HomeView.swift in Sources */,
				A471D0762B8A410300109CA3 /* GeneralResponse.swift in Sources */,
				A4998C312B81CE0900883017 /* SignupView.swift in Sources */,
				A488FB172B930725004D4A09 /* MypageViewModel.swift in Sources */,
				A43C74272B90A95000B39F21 /* UmbrellaReturnViewModel.swift in Sources */,
				A43176112B6FFBDE00093F0E /* SceneDelegate.swift in Sources */,
				A4998BAA2B70FE2B00883017 /* UICollectionViewRegisterable.swift in Sources */,
				A4998BA62B70FDFD00883017 /* UIStackView+.swift in Sources */,
				A471D07A2B8A41A200109CA3 /* APIConstant.swift in Sources */,
				A4998BB62B710B0D00883017 /* NSObject+.swift in Sources */,
				A43C73982B8A43B400B39F21 /* HomeDto.swift in Sources */,
				A488FB1C2B930F31004D4A09 /* MypageAPI.swift in Sources */,
				A43C74112B9087FC00B39F21 /* UmbrellaReturnViewController.swift in Sources */,
				A43C74222B90A7FF00B39F21 /* UmbrellaReturnAlertViewController.swift in Sources */,
				A43C74202B90A5E000B39F21 /* UmbrellaReturnAlertView.swift in Sources */,
				A4998C162B80502900883017 /* LoginView.swift in Sources */,
				A43C73B82B8B95DF00B39F21 /* UmbrellaMapView.swift in Sources */,
				A4998BAC2B70FE3700883017 /* MakeVibrate.swift in Sources */,
				A488FB1F2B930F4C004D4A09 /* MypageTarget.swift in Sources */,
				A4998C1D2B805AB000883017 /* CustomButton.swift in Sources */,
				A43C73D02B8E5DF900B39F21 /* UmbrellaRentBottomSheetView.swift in Sources */,
				A471D07C2B8A426200109CA3 /* URLConstant.swift in Sources */,
				A43C739B2B8A440D00B39F21 /* HomeAPI.swift in Sources */,
				A4998BEA2B79EA7200883017 /* UILabel+.swift in Sources */,
				A43C73BA2B8B95ED00B39F21 /* UmbrellaMapViewController.swift in Sources */,
				A4998C272B80845300883017 /* PhotoAttachViewController.swift in Sources */,
				A43C74172B90952300B39F21 /* UmbrellaReturnBottomSheetView.swift in Sources */,
				A4CBBCB52B83194800D55085 /* String+.swift in Sources */,
				A471D0782B8A419200109CA3 /* NetworkLoggerPlugin.swift in Sources */,
				A4998C292B80846000883017 /* PhotoAttachView.swift in Sources */,
				A4998C2F2B81CDFD00883017 /* SignupViewController.swift in Sources */,
				A488FB152B930717004D4A09 /* MypageView.swift in Sources */,
				A4998BA82B70FE2000883017 /* UITableViewRegisterable.swift in Sources */,
				A43C73D52B8F130A00B39F21 /* UmbrellaCheckDto.swift in Sources */,
				A43C73922B8A436100B39F21 /* BaseTargetType.swift in Sources */,
				A43C74152B90950100B39F21 /* UmbrellaReturnBottomSheetViewController.swift in Sources */,
				A488FB132B930710004D4A09 /* MypageViewController.swift in Sources */,
				A43C73C62B8BA46400B39F21 /* UmbrellaAPI.swift in Sources */,
				A488FB192B930732004D4A09 /* MypageCollectionViewCell.swift in Sources */,
				A43C73A12B8A454300B39F21 /* HomeViewModel.swift in Sources */,
				A4998C1F2B805AB900883017 /* CustomTextField.swift in Sources */,
				A4998C1A2B8053E300883017 /* CustomNavigationBar.swift in Sources */,
				A4998BE62B77DC7400883017 /* UmbrellaRentView.swift in Sources */,
				A4998C052B7F4B1900883017 /* SplashViewController.swift in Sources */,
				A43C73D32B8F108C00B39F21 /* UmbrellaRentViewModel.swift in Sources */,
				A43C740F2B9087ED00B39F21 /* UmbrellaReturnView.swift in Sources */,
				A43C740A2B907E2400B39F21 /* UmbrellaLendDto.swift in Sources */,
			);
			runOnlyForDeploymentPostprocessing = 0;
		};
/* End PBXSourcesBuildPhase section */

/* Begin PBXVariantGroup section */
		A43176192B6FFBE000093F0E /* LaunchScreen.storyboard */ = {
			isa = PBXVariantGroup;
			children = (
				A431761A2B6FFBE000093F0E /* Base */,
			);
			name = LaunchScreen.storyboard;
			sourceTree = "<group>";
		};
/* End PBXVariantGroup section */

/* Begin XCBuildConfiguration section */
		A431761D2B6FFBE000093F0E /* Debug */ = {
			isa = XCBuildConfiguration;
			buildSettings = {
				ALWAYS_SEARCH_USER_PATHS = NO;
				ASSETCATALOG_COMPILER_GENERATE_SWIFT_ASSET_SYMBOL_EXTENSIONS = YES;
				CLANG_ANALYZER_NONNULL = YES;
				CLANG_ANALYZER_NUMBER_OBJECT_CONVERSION = YES_AGGRESSIVE;
				CLANG_CXX_LANGUAGE_STANDARD = "gnu++20";
				CLANG_ENABLE_MODULES = YES;
				CLANG_ENABLE_OBJC_ARC = YES;
				CLANG_ENABLE_OBJC_WEAK = YES;
				CLANG_WARN_BLOCK_CAPTURE_AUTORELEASING = YES;
				CLANG_WARN_BOOL_CONVERSION = YES;
				CLANG_WARN_COMMA = YES;
				CLANG_WARN_CONSTANT_CONVERSION = YES;
				CLANG_WARN_DEPRECATED_OBJC_IMPLEMENTATIONS = YES;
				CLANG_WARN_DIRECT_OBJC_ISA_USAGE = YES_ERROR;
				CLANG_WARN_DOCUMENTATION_COMMENTS = YES;
				CLANG_WARN_EMPTY_BODY = YES;
				CLANG_WARN_ENUM_CONVERSION = YES;
				CLANG_WARN_INFINITE_RECURSION = YES;
				CLANG_WARN_INT_CONVERSION = YES;
				CLANG_WARN_NON_LITERAL_NULL_CONVERSION = YES;
				CLANG_WARN_OBJC_IMPLICIT_RETAIN_SELF = YES;
				CLANG_WARN_OBJC_LITERAL_CONVERSION = YES;
				CLANG_WARN_OBJC_ROOT_CLASS = YES_ERROR;
				CLANG_WARN_QUOTED_INCLUDE_IN_FRAMEWORK_HEADER = YES;
				CLANG_WARN_RANGE_LOOP_ANALYSIS = YES;
				CLANG_WARN_STRICT_PROTOTYPES = YES;
				CLANG_WARN_SUSPICIOUS_MOVE = YES;
				CLANG_WARN_UNGUARDED_AVAILABILITY = YES_AGGRESSIVE;
				CLANG_WARN_UNREACHABLE_CODE = YES;
				CLANG_WARN__DUPLICATE_METHOD_MATCH = YES;
				COPY_PHASE_STRIP = NO;
				DEBUG_INFORMATION_FORMAT = dwarf;
				ENABLE_STRICT_OBJC_MSGSEND = YES;
				ENABLE_TESTABILITY = YES;
				ENABLE_USER_SCRIPT_SANDBOXING = YES;
				GCC_C_LANGUAGE_STANDARD = gnu17;
				GCC_DYNAMIC_NO_PIC = NO;
				GCC_NO_COMMON_BLOCKS = YES;
				GCC_OPTIMIZATION_LEVEL = 0;
				GCC_PREPROCESSOR_DEFINITIONS = (
					"DEBUG=1",
					"$(inherited)",
				);
				GCC_WARN_64_TO_32_BIT_CONVERSION = YES;
				GCC_WARN_ABOUT_RETURN_TYPE = YES_ERROR;
				GCC_WARN_UNDECLARED_SELECTOR = YES;
				GCC_WARN_UNINITIALIZED_AUTOS = YES_AGGRESSIVE;
				GCC_WARN_UNUSED_FUNCTION = YES;
				GCC_WARN_UNUSED_VARIABLE = YES;
				INFOPLIST_KEY_CFBundleDisplayName = "우산친구";
				IPHONEOS_DEPLOYMENT_TARGET = 16.0;
				LOCALIZATION_PREFERS_STRING_CATALOGS = YES;
				MTL_ENABLE_DEBUG_INFO = INCLUDE_SOURCE;
				MTL_FAST_MATH = YES;
				ONLY_ACTIVE_ARCH = YES;
				SDKROOT = iphoneos;
				SWIFT_ACTIVE_COMPILATION_CONDITIONS = "DEBUG $(inherited)";
				SWIFT_OPTIMIZATION_LEVEL = "-Onone";
			};
			name = Debug;
		};
		A431761E2B6FFBE000093F0E /* Release */ = {
			isa = XCBuildConfiguration;
			buildSettings = {
				ALWAYS_SEARCH_USER_PATHS = NO;
				ASSETCATALOG_COMPILER_GENERATE_SWIFT_ASSET_SYMBOL_EXTENSIONS = YES;
				CLANG_ANALYZER_NONNULL = YES;
				CLANG_ANALYZER_NUMBER_OBJECT_CONVERSION = YES_AGGRESSIVE;
				CLANG_CXX_LANGUAGE_STANDARD = "gnu++20";
				CLANG_ENABLE_MODULES = YES;
				CLANG_ENABLE_OBJC_ARC = YES;
				CLANG_ENABLE_OBJC_WEAK = YES;
				CLANG_WARN_BLOCK_CAPTURE_AUTORELEASING = YES;
				CLANG_WARN_BOOL_CONVERSION = YES;
				CLANG_WARN_COMMA = YES;
				CLANG_WARN_CONSTANT_CONVERSION = YES;
				CLANG_WARN_DEPRECATED_OBJC_IMPLEMENTATIONS = YES;
				CLANG_WARN_DIRECT_OBJC_ISA_USAGE = YES_ERROR;
				CLANG_WARN_DOCUMENTATION_COMMENTS = YES;
				CLANG_WARN_EMPTY_BODY = YES;
				CLANG_WARN_ENUM_CONVERSION = YES;
				CLANG_WARN_INFINITE_RECURSION = YES;
				CLANG_WARN_INT_CONVERSION = YES;
				CLANG_WARN_NON_LITERAL_NULL_CONVERSION = YES;
				CLANG_WARN_OBJC_IMPLICIT_RETAIN_SELF = YES;
				CLANG_WARN_OBJC_LITERAL_CONVERSION = YES;
				CLANG_WARN_OBJC_ROOT_CLASS = YES_ERROR;
				CLANG_WARN_QUOTED_INCLUDE_IN_FRAMEWORK_HEADER = YES;
				CLANG_WARN_RANGE_LOOP_ANALYSIS = YES;
				CLANG_WARN_STRICT_PROTOTYPES = YES;
				CLANG_WARN_SUSPICIOUS_MOVE = YES;
				CLANG_WARN_UNGUARDED_AVAILABILITY = YES_AGGRESSIVE;
				CLANG_WARN_UNREACHABLE_CODE = YES;
				CLANG_WARN__DUPLICATE_METHOD_MATCH = YES;
				COPY_PHASE_STRIP = NO;
				DEBUG_INFORMATION_FORMAT = "dwarf-with-dsym";
				ENABLE_NS_ASSERTIONS = NO;
				ENABLE_STRICT_OBJC_MSGSEND = YES;
				ENABLE_USER_SCRIPT_SANDBOXING = YES;
				GCC_C_LANGUAGE_STANDARD = gnu17;
				GCC_NO_COMMON_BLOCKS = YES;
				GCC_WARN_64_TO_32_BIT_CONVERSION = YES;
				GCC_WARN_ABOUT_RETURN_TYPE = YES_ERROR;
				GCC_WARN_UNDECLARED_SELECTOR = YES;
				GCC_WARN_UNINITIALIZED_AUTOS = YES_AGGRESSIVE;
				GCC_WARN_UNUSED_FUNCTION = YES;
				GCC_WARN_UNUSED_VARIABLE = YES;
				INFOPLIST_KEY_CFBundleDisplayName = "우산친구";
				IPHONEOS_DEPLOYMENT_TARGET = 16.0;
				LOCALIZATION_PREFERS_STRING_CATALOGS = YES;
				MTL_ENABLE_DEBUG_INFO = NO;
				MTL_FAST_MATH = YES;
				SDKROOT = iphoneos;
				SWIFT_COMPILATION_MODE = wholemodule;
				VALIDATE_PRODUCT = YES;
			};
			name = Release;
		};
		A43176202B6FFBE000093F0E /* Debug */ = {
			isa = XCBuildConfiguration;
			baseConfigurationReference = A471D0732B8A3E8500109CA3 /* ConfigDev.xcconfig */;
			buildSettings = {
				ASSETCATALOG_COMPILER_APPICON_NAME = AppIcon;
				ASSETCATALOG_COMPILER_GLOBAL_ACCENT_COLOR_NAME = AccentColor;
				CODE_SIGN_IDENTITY = "Apple Development";
				"CODE_SIGN_IDENTITY[sdk=iphoneos*]" = "iPhone Developer";
				CODE_SIGN_STYLE = Manual;
				CURRENT_PROJECT_VERSION = 1;
				DEVELOPMENT_TEAM = "";
				"DEVELOPMENT_TEAM[sdk=iphoneos*]" = XGXWL95BMU;
				GENERATE_INFOPLIST_FILE = YES;
				INFOPLIST_FILE = "UmbrellaFriend-iOS/Info.plist";
				INFOPLIST_KEY_CFBundleDisplayName = "우산친구";
				INFOPLIST_KEY_NSCameraUsageDescription = "카메라 사용을 허용해주세요";
				INFOPLIST_KEY_NSPhotoLibraryAddUsageDescription = "앨범 사용을 허용해주세요";
				INFOPLIST_KEY_UIApplicationSupportsIndirectInputEvents = YES;
				INFOPLIST_KEY_UILaunchStoryboardName = LaunchScreen;
				INFOPLIST_KEY_UISupportedInterfaceOrientations_iPad = "UIInterfaceOrientationPortrait UIInterfaceOrientationPortraitUpsideDown UIInterfaceOrientationLandscapeLeft UIInterfaceOrientationLandscapeRight";
				INFOPLIST_KEY_UISupportedInterfaceOrientations_iPhone = "UIInterfaceOrientationPortrait UIInterfaceOrientationLandscapeLeft UIInterfaceOrientationLandscapeRight";
				LD_RUNPATH_SEARCH_PATHS = (
					"$(inherited)",
					"@executable_path/Frameworks",
				);
				MARKETING_VERSION = 1.0;
				PRODUCT_BUNDLE_IDENTIFIER = "com.UmbrellaFriend.UmbrellaFriend-iOS";
				PRODUCT_NAME = "$(TARGET_NAME)";
				PROVISIONING_PROFILE_SPECIFIER = "";
				"PROVISIONING_PROFILE_SPECIFIER[sdk=iphoneos*]" = UmbrellaFriendDebug;
				SWIFT_EMIT_LOC_STRINGS = YES;
				SWIFT_VERSION = 5.0;
				TARGETED_DEVICE_FAMILY = "1,2";
			};
			name = Debug;
		};
		A43176212B6FFBE000093F0E /* Release */ = {
			isa = XCBuildConfiguration;
			baseConfigurationReference = A471D0732B8A3E8500109CA3 /* ConfigDev.xcconfig */;
			buildSettings = {
				ASSETCATALOG_COMPILER_APPICON_NAME = AppIcon;
				ASSETCATALOG_COMPILER_GLOBAL_ACCENT_COLOR_NAME = AccentColor;
				CODE_SIGN_IDENTITY = "Apple Development";
				"CODE_SIGN_IDENTITY[sdk=iphoneos*]" = "iPhone Developer";
				CODE_SIGN_STYLE = Manual;
				CURRENT_PROJECT_VERSION = 1;
				DEVELOPMENT_TEAM = "";
				"DEVELOPMENT_TEAM[sdk=iphoneos*]" = XGXWL95BMU;
				GENERATE_INFOPLIST_FILE = YES;
				INFOPLIST_FILE = "UmbrellaFriend-iOS/Info.plist";
				INFOPLIST_KEY_CFBundleDisplayName = "우산친구";
				INFOPLIST_KEY_NSCameraUsageDescription = "카메라 사용을 허용해주세요";
				INFOPLIST_KEY_NSPhotoLibraryAddUsageDescription = "앨범 사용을 허용해주세요";
				INFOPLIST_KEY_UIApplicationSupportsIndirectInputEvents = YES;
				INFOPLIST_KEY_UILaunchStoryboardName = LaunchScreen;
				INFOPLIST_KEY_UISupportedInterfaceOrientations_iPad = "UIInterfaceOrientationPortrait UIInterfaceOrientationPortraitUpsideDown UIInterfaceOrientationLandscapeLeft UIInterfaceOrientationLandscapeRight";
				INFOPLIST_KEY_UISupportedInterfaceOrientations_iPhone = "UIInterfaceOrientationPortrait UIInterfaceOrientationLandscapeLeft UIInterfaceOrientationLandscapeRight";
				LD_RUNPATH_SEARCH_PATHS = (
					"$(inherited)",
					"@executable_path/Frameworks",
				);
				MARKETING_VERSION = 1.0;
				PRODUCT_BUNDLE_IDENTIFIER = "com.UmbrellaFriend.UmbrellaFriend-iOS";
				PRODUCT_NAME = "$(TARGET_NAME)";
				PROVISIONING_PROFILE_SPECIFIER = "";
				"PROVISIONING_PROFILE_SPECIFIER[sdk=iphoneos*]" = UmbrellaFriendDebug;
				SWIFT_EMIT_LOC_STRINGS = YES;
				SWIFT_VERSION = 5.0;
				TARGETED_DEVICE_FAMILY = "1,2";
			};
			name = Release;
		};
/* End XCBuildConfiguration section */

/* Begin XCConfigurationList section */
		A43176062B6FFBDE00093F0E /* Build configuration list for PBXProject "UmbrellaFriend-iOS" */ = {
			isa = XCConfigurationList;
			buildConfigurations = (
				A431761D2B6FFBE000093F0E /* Debug */,
				A431761E2B6FFBE000093F0E /* Release */,
			);
			defaultConfigurationIsVisible = 0;
			defaultConfigurationName = Release;
		};
		A431761F2B6FFBE000093F0E /* Build configuration list for PBXNativeTarget "UmbrellaFriend-iOS" */ = {
			isa = XCConfigurationList;
			buildConfigurations = (
				A43176202B6FFBE000093F0E /* Debug */,
				A43176212B6FFBE000093F0E /* Release */,
			);
			defaultConfigurationIsVisible = 0;
			defaultConfigurationName = Release;
		};
/* End XCConfigurationList section */

/* Begin XCRemoteSwiftPackageReference section */
		A43C73A22B8A461B00B39F21 /* XCRemoteSwiftPackageReference "RxSwift" */ = {
			isa = XCRemoteSwiftPackageReference;
			repositoryURL = "https://github.com/ReactiveX/RxSwift";
			requirement = {
				kind = upToNextMajorVersion;
				minimumVersion = 6.6.0;
			};
		};
		A4998BB02B70FEB300883017 /* XCRemoteSwiftPackageReference "SnapKit" */ = {
			isa = XCRemoteSwiftPackageReference;
			repositoryURL = "https://github.com/SnapKit/SnapKit.git";
			requirement = {
				kind = upToNextMajorVersion;
				minimumVersion = 5.7.0;
			};
		};
		A4998BD82B77DC3B00883017 /* XCRemoteSwiftPackageReference "Moya" */ = {
			isa = XCRemoteSwiftPackageReference;
			repositoryURL = "https://github.com/Moya/Moya";
			requirement = {
				kind = upToNextMajorVersion;
				minimumVersion = 15.0.3;
			};
		};
/* End XCRemoteSwiftPackageReference section */

/* Begin XCSwiftPackageProductDependency section */
		A43C73A32B8A461B00B39F21 /* RxBlocking */ = {
			isa = XCSwiftPackageProductDependency;
			package = A43C73A22B8A461B00B39F21 /* XCRemoteSwiftPackageReference "RxSwift" */;
			productName = RxBlocking;
		};
		A43C73A72B8A461B00B39F21 /* RxCocoa */ = {
			isa = XCSwiftPackageProductDependency;
			package = A43C73A22B8A461B00B39F21 /* XCRemoteSwiftPackageReference "RxSwift" */;
			productName = RxCocoa;
		};
		A43C73AB2B8A461B00B39F21 /* RxRelay */ = {
			isa = XCSwiftPackageProductDependency;
			package = A43C73A22B8A461B00B39F21 /* XCRemoteSwiftPackageReference "RxSwift" */;
			productName = RxRelay;
		};
		A4998BB12B70FEB300883017 /* SnapKit */ = {
			isa = XCSwiftPackageProductDependency;
			package = A4998BB02B70FEB300883017 /* XCRemoteSwiftPackageReference "SnapKit" */;
			productName = SnapKit;
		};
		A4998BD92B77DC3B00883017 /* CombineMoya */ = {
			isa = XCSwiftPackageProductDependency;
			package = A4998BD82B77DC3B00883017 /* XCRemoteSwiftPackageReference "Moya" */;
			productName = CombineMoya;
		};
		A4998BDB2B77DC3B00883017 /* Moya */ = {
			isa = XCSwiftPackageProductDependency;
			package = A4998BD82B77DC3B00883017 /* XCRemoteSwiftPackageReference "Moya" */;
			productName = Moya;
		};
		A4998BDD2B77DC3B00883017 /* ReactiveMoya */ = {
			isa = XCSwiftPackageProductDependency;
			package = A4998BD82B77DC3B00883017 /* XCRemoteSwiftPackageReference "Moya" */;
			productName = ReactiveMoya;
		};
		A4998BDF2B77DC3B00883017 /* RxMoya */ = {
			isa = XCSwiftPackageProductDependency;
			package = A4998BD82B77DC3B00883017 /* XCRemoteSwiftPackageReference "Moya" */;
			productName = RxMoya;
		};
/* End XCSwiftPackageProductDependency section */
	};
	rootObject = A43176032B6FFBDE00093F0E /* Project object */;
}
