// !$*UTF8*$!
{
	archiveVersion = 1;
	classes = {
	};
	objectVersion = 56;
	objects = {

/* Begin PBXBuildFile section */
		A431760F2B6FFBDE00093F0E /* AppDelegate.swift in Sources */ = {isa = PBXBuildFile; fileRef = A431760E2B6FFBDE00093F0E /* AppDelegate.swift */; };
		A43176112B6FFBDE00093F0E /* SceneDelegate.swift in Sources */ = {isa = PBXBuildFile; fileRef = A43176102B6FFBDE00093F0E /* SceneDelegate.swift */; };
		A43176182B6FFBE000093F0E /* Assets.xcassets in Resources */ = {isa = PBXBuildFile; fileRef = A43176172B6FFBE000093F0E /* Assets.xcassets */; };
		A431761B2B6FFBE000093F0E /* LaunchScreen.storyboard in Resources */ = {isa = PBXBuildFile; fileRef = A43176192B6FFBE000093F0E /* LaunchScreen.storyboard */; };
		A4998B9E2B70FD9D00883017 /* FontLiterals.swift in Sources */ = {isa = PBXBuildFile; fileRef = A4998B9D2B70FD9D00883017 /* FontLiterals.swift */; };
		A4998BA02B70FDAA00883017 /* SizeLiterals.swift in Sources */ = {isa = PBXBuildFile; fileRef = A4998B9F2B70FDAA00883017 /* SizeLiterals.swift */; };
		A4998BA22B70FDB700883017 /* UIView+.swift in Sources */ = {isa = PBXBuildFile; fileRef = A4998BA12B70FDB700883017 /* UIView+.swift */; };
		A4998BA42B70FDCC00883017 /* UITextField+.swift in Sources */ = {isa = PBXBuildFile; fileRef = A4998BA32B70FDCC00883017 /* UITextField+.swift */; };
		A4998BA62B70FDFD00883017 /* UIStackView+.swift in Sources */ = {isa = PBXBuildFile; fileRef = A4998BA52B70FDFD00883017 /* UIStackView+.swift */; };
		A4998BA82B70FE2000883017 /* UITableViewRegisterable.swift in Sources */ = {isa = PBXBuildFile; fileRef = A4998BA72B70FE2000883017 /* UITableViewRegisterable.swift */; };
		A4998BAA2B70FE2B00883017 /* UICollectionViewRegisterable.swift in Sources */ = {isa = PBXBuildFile; fileRef = A4998BA92B70FE2B00883017 /* UICollectionViewRegisterable.swift */; };
		A4998BAC2B70FE3700883017 /* MakeVibrate.swift in Sources */ = {isa = PBXBuildFile; fileRef = A4998BAB2B70FE3700883017 /* MakeVibrate.swift */; };
		A4998BAF2B70FE5400883017 /* Config.swift in Sources */ = {isa = PBXBuildFile; fileRef = A4998BAE2B70FE5400883017 /* Config.swift */; };
		A4998BB22B70FEB300883017 /* SnapKit in Frameworks */ = {isa = PBXBuildFile; productRef = A4998BB12B70FEB300883017 /* SnapKit */; };
		A4998BB62B710B0D00883017 /* NSObject+.swift in Sources */ = {isa = PBXBuildFile; fileRef = A4998BB52B710B0D00883017 /* NSObject+.swift */; };
		A4998BDA2B77DC3B00883017 /* CombineMoya in Frameworks */ = {isa = PBXBuildFile; productRef = A4998BD92B77DC3B00883017 /* CombineMoya */; };
		A4998BDC2B77DC3B00883017 /* Moya in Frameworks */ = {isa = PBXBuildFile; productRef = A4998BDB2B77DC3B00883017 /* Moya */; };
		A4998BDE2B77DC3B00883017 /* ReactiveMoya in Frameworks */ = {isa = PBXBuildFile; productRef = A4998BDD2B77DC3B00883017 /* ReactiveMoya */; };
		A4998BE02B77DC3B00883017 /* RxMoya in Frameworks */ = {isa = PBXBuildFile; productRef = A4998BDF2B77DC3B00883017 /* RxMoya */; };
		A4998BE42B77DC6A00883017 /* UmbrellaRentViewController.swift in Sources */ = {isa = PBXBuildFile; fileRef = A4998BE32B77DC6A00883017 /* UmbrellaRentViewController.swift */; };
		A4998BE62B77DC7400883017 /* UmbrellaRentView.swift in Sources */ = {isa = PBXBuildFile; fileRef = A4998BE52B77DC7400883017 /* UmbrellaRentView.swift */; };
		A4998BEA2B79EA7200883017 /* UILabel+.swift in Sources */ = {isa = PBXBuildFile; fileRef = A4998BE92B79EA7200883017 /* UILabel+.swift */; };
		A4998BED2B79ED4300883017 /* SUIT-SemiBold.ttf in Resources */ = {isa = PBXBuildFile; fileRef = A4998BEC2B79ED4300883017 /* SUIT-SemiBold.ttf */; };
		A4998BF62B7F403400883017 /* Colors.xcassets in Resources */ = {isa = PBXBuildFile; fileRef = A4998BF52B7F403400883017 /* Colors.xcassets */; };
		A4998BFC2B7F431A00883017 /* SUIT-Medium.ttf in Resources */ = {isa = PBXBuildFile; fileRef = A4998BF92B7F431A00883017 /* SUIT-Medium.ttf */; };
		A4998BFD2B7F431A00883017 /* SUIT-Bold.ttf in Resources */ = {isa = PBXBuildFile; fileRef = A4998BFA2B7F431A00883017 /* SUIT-Bold.ttf */; };
		A4998BFE2B7F431A00883017 /* SUIT-Regular.ttf in Resources */ = {isa = PBXBuildFile; fileRef = A4998BFB2B7F431A00883017 /* SUIT-Regular.ttf */; };
		A4998C002B7F432B00883017 /* TmoneyRoundWindExtraBold.ttf in Resources */ = {isa = PBXBuildFile; fileRef = A4998BFF2B7F432B00883017 /* TmoneyRoundWindExtraBold.ttf */; };
		A4998C052B7F4B1900883017 /* SplashViewController.swift in Sources */ = {isa = PBXBuildFile; fileRef = A4998C042B7F4B1900883017 /* SplashViewController.swift */; };
		A4998C072B7F4B2500883017 /* SplashView.swift in Sources */ = {isa = PBXBuildFile; fileRef = A4998C062B7F4B2500883017 /* SplashView.swift */; };
		A4998C0D2B7F4D8900883017 /* LogoViewController.swift in Sources */ = {isa = PBXBuildFile; fileRef = A4998C0C2B7F4D8900883017 /* LogoViewController.swift */; };
		A4998C0F2B7F50A400883017 /* LogoView.swift in Sources */ = {isa = PBXBuildFile; fileRef = A4998C0E2B7F50A400883017 /* LogoView.swift */; };
		A4998C142B80501D00883017 /* LoginViewController.swift in Sources */ = {isa = PBXBuildFile; fileRef = A4998C132B80501D00883017 /* LoginViewController.swift */; };
		A4998C162B80502900883017 /* LoginView.swift in Sources */ = {isa = PBXBuildFile; fileRef = A4998C152B80502900883017 /* LoginView.swift */; };
		A4998C1A2B8053E300883017 /* CustomNavigationBar.swift in Sources */ = {isa = PBXBuildFile; fileRef = A4998C192B8053E300883017 /* CustomNavigationBar.swift */; };
		A4998C1D2B805AB000883017 /* CustomButton.swift in Sources */ = {isa = PBXBuildFile; fileRef = A4998C1C2B805AB000883017 /* CustomButton.swift */; };
		A4998C1F2B805AB900883017 /* CustomTextField.swift in Sources */ = {isa = PBXBuildFile; fileRef = A4998C1E2B805AB900883017 /* CustomTextField.swift */; };
		A4998C272B80845300883017 /* PhotoAttachViewController.swift in Sources */ = {isa = PBXBuildFile; fileRef = A4998C262B80845300883017 /* PhotoAttachViewController.swift */; };
		A4998C292B80846000883017 /* PhotoAttachView.swift in Sources */ = {isa = PBXBuildFile; fileRef = A4998C282B80846000883017 /* PhotoAttachView.swift */; };
		A4998C2B2B8088A000883017 /* UIButton+.swift in Sources */ = {isa = PBXBuildFile; fileRef = A4998C2A2B8088A000883017 /* UIButton+.swift */; };
/* End PBXBuildFile section */

/* Begin PBXFileReference section */
		A431760B2B6FFBDE00093F0E /* UmbrellaFriend-iOS.app */ = {isa = PBXFileReference; explicitFileType = wrapper.application; includeInIndex = 0; path = "UmbrellaFriend-iOS.app"; sourceTree = BUILT_PRODUCTS_DIR; };
		A431760E2B6FFBDE00093F0E /* AppDelegate.swift */ = {isa = PBXFileReference; lastKnownFileType = sourcecode.swift; path = AppDelegate.swift; sourceTree = "<group>"; };
		A43176102B6FFBDE00093F0E /* SceneDelegate.swift */ = {isa = PBXFileReference; lastKnownFileType = sourcecode.swift; path = SceneDelegate.swift; sourceTree = "<group>"; };
		A43176172B6FFBE000093F0E /* Assets.xcassets */ = {isa = PBXFileReference; lastKnownFileType = folder.assetcatalog; path = Assets.xcassets; sourceTree = "<group>"; };
		A431761A2B6FFBE000093F0E /* Base */ = {isa = PBXFileReference; lastKnownFileType = file.storyboard; name = Base; path = Base.lproj/LaunchScreen.storyboard; sourceTree = "<group>"; };
		A431761C2B6FFBE000093F0E /* Info.plist */ = {isa = PBXFileReference; lastKnownFileType = text.plist.xml; path = Info.plist; sourceTree = "<group>"; };
		A4998B9D2B70FD9D00883017 /* FontLiterals.swift */ = {isa = PBXFileReference; lastKnownFileType = sourcecode.swift; path = FontLiterals.swift; sourceTree = "<group>"; };
		A4998B9F2B70FDAA00883017 /* SizeLiterals.swift */ = {isa = PBXFileReference; lastKnownFileType = sourcecode.swift; path = SizeLiterals.swift; sourceTree = "<group>"; };
		A4998BA12B70FDB700883017 /* UIView+.swift */ = {isa = PBXFileReference; lastKnownFileType = sourcecode.swift; path = "UIView+.swift"; sourceTree = "<group>"; };
		A4998BA32B70FDCC00883017 /* UITextField+.swift */ = {isa = PBXFileReference; lastKnownFileType = sourcecode.swift; path = "UITextField+.swift"; sourceTree = "<group>"; };
		A4998BA52B70FDFD00883017 /* UIStackView+.swift */ = {isa = PBXFileReference; lastKnownFileType = sourcecode.swift; path = "UIStackView+.swift"; sourceTree = "<group>"; };
		A4998BA72B70FE2000883017 /* UITableViewRegisterable.swift */ = {isa = PBXFileReference; lastKnownFileType = sourcecode.swift; path = UITableViewRegisterable.swift; sourceTree = "<group>"; };
		A4998BA92B70FE2B00883017 /* UICollectionViewRegisterable.swift */ = {isa = PBXFileReference; lastKnownFileType = sourcecode.swift; path = UICollectionViewRegisterable.swift; sourceTree = "<group>"; };
		A4998BAB2B70FE3700883017 /* MakeVibrate.swift */ = {isa = PBXFileReference; lastKnownFileType = sourcecode.swift; path = MakeVibrate.swift; sourceTree = "<group>"; };
		A4998BAE2B70FE5400883017 /* Config.swift */ = {isa = PBXFileReference; lastKnownFileType = sourcecode.swift; path = Config.swift; sourceTree = "<group>"; };
		A4998BB52B710B0D00883017 /* NSObject+.swift */ = {isa = PBXFileReference; lastKnownFileType = sourcecode.swift; path = "NSObject+.swift"; sourceTree = "<group>"; };
		A4998BE32B77DC6A00883017 /* UmbrellaRentViewController.swift */ = {isa = PBXFileReference; lastKnownFileType = sourcecode.swift; path = UmbrellaRentViewController.swift; sourceTree = "<group>"; };
		A4998BE52B77DC7400883017 /* UmbrellaRentView.swift */ = {isa = PBXFileReference; lastKnownFileType = sourcecode.swift; path = UmbrellaRentView.swift; sourceTree = "<group>"; };
		A4998BE92B79EA7200883017 /* UILabel+.swift */ = {isa = PBXFileReference; lastKnownFileType = sourcecode.swift; path = "UILabel+.swift"; sourceTree = "<group>"; };
		A4998BEC2B79ED4300883017 /* SUIT-SemiBold.ttf */ = {isa = PBXFileReference; lastKnownFileType = file; path = "SUIT-SemiBold.ttf"; sourceTree = "<group>"; };
		A4998BF52B7F403400883017 /* Colors.xcassets */ = {isa = PBXFileReference; lastKnownFileType = folder.assetcatalog; path = Colors.xcassets; sourceTree = "<group>"; };
		A4998BF92B7F431A00883017 /* SUIT-Medium.ttf */ = {isa = PBXFileReference; lastKnownFileType = file; path = "SUIT-Medium.ttf"; sourceTree = "<group>"; };
		A4998BFA2B7F431A00883017 /* SUIT-Bold.ttf */ = {isa = PBXFileReference; lastKnownFileType = file; path = "SUIT-Bold.ttf"; sourceTree = "<group>"; };
		A4998BFB2B7F431A00883017 /* SUIT-Regular.ttf */ = {isa = PBXFileReference; lastKnownFileType = file; path = "SUIT-Regular.ttf"; sourceTree = "<group>"; };
		A4998BFF2B7F432B00883017 /* TmoneyRoundWindExtraBold.ttf */ = {isa = PBXFileReference; lastKnownFileType = file; path = TmoneyRoundWindExtraBold.ttf; sourceTree = "<group>"; };
		A4998C042B7F4B1900883017 /* SplashViewController.swift */ = {isa = PBXFileReference; lastKnownFileType = sourcecode.swift; path = SplashViewController.swift; sourceTree = "<group>"; };
		A4998C062B7F4B2500883017 /* SplashView.swift */ = {isa = PBXFileReference; lastKnownFileType = sourcecode.swift; path = SplashView.swift; sourceTree = "<group>"; };
		A4998C0C2B7F4D8900883017 /* LogoViewController.swift */ = {isa = PBXFileReference; lastKnownFileType = sourcecode.swift; path = LogoViewController.swift; sourceTree = "<group>"; };
		A4998C0E2B7F50A400883017 /* LogoView.swift */ = {isa = PBXFileReference; lastKnownFileType = sourcecode.swift; path = LogoView.swift; sourceTree = "<group>"; };
		A4998C132B80501D00883017 /* LoginViewController.swift */ = {isa = PBXFileReference; lastKnownFileType = sourcecode.swift; path = LoginViewController.swift; sourceTree = "<group>"; };
		A4998C152B80502900883017 /* LoginView.swift */ = {isa = PBXFileReference; lastKnownFileType = sourcecode.swift; path = LoginView.swift; sourceTree = "<group>"; };
		A4998C192B8053E300883017 /* CustomNavigationBar.swift */ = {isa = PBXFileReference; lastKnownFileType = sourcecode.swift; path = CustomNavigationBar.swift; sourceTree = "<group>"; };
		A4998C1C2B805AB000883017 /* CustomButton.swift */ = {isa = PBXFileReference; lastKnownFileType = sourcecode.swift; path = CustomButton.swift; sourceTree = "<group>"; };
		A4998C1E2B805AB900883017 /* CustomTextField.swift */ = {isa = PBXFileReference; lastKnownFileType = sourcecode.swift; path = CustomTextField.swift; sourceTree = "<group>"; };
		A4998C262B80845300883017 /* PhotoAttachViewController.swift */ = {isa = PBXFileReference; lastKnownFileType = sourcecode.swift; path = PhotoAttachViewController.swift; sourceTree = "<group>"; };
		A4998C282B80846000883017 /* PhotoAttachView.swift */ = {isa = PBXFileReference; lastKnownFileType = sourcecode.swift; path = PhotoAttachView.swift; sourceTree = "<group>"; };
		A4998C2A2B8088A000883017 /* UIButton+.swift */ = {isa = PBXFileReference; lastKnownFileType = sourcecode.swift; path = "UIButton+.swift"; sourceTree = "<group>"; };
/* End PBXFileReference section */

/* Begin PBXFrameworksBuildPhase section */
		A43176082B6FFBDE00093F0E /* Frameworks */ = {
			isa = PBXFrameworksBuildPhase;
			buildActionMask = 2147483647;
			files = (
				A4998BE02B77DC3B00883017 /* RxMoya in Frameworks */,
				A4998BDA2B77DC3B00883017 /* CombineMoya in Frameworks */,
				A4998BDE2B77DC3B00883017 /* ReactiveMoya in Frameworks */,
				A4998BB22B70FEB300883017 /* SnapKit in Frameworks */,
				A4998BDC2B77DC3B00883017 /* Moya in Frameworks */,
			);
			runOnlyForDeploymentPostprocessing = 0;
		};
/* End PBXFrameworksBuildPhase section */

/* Begin PBXGroup section */
		A43176022B6FFBDE00093F0E = {
			isa = PBXGroup;
			children = (
				A431760D2B6FFBDE00093F0E /* UmbrellaFriend-iOS */,
				A431760C2B6FFBDE00093F0E /* Products */,
			);
			sourceTree = "<group>";
		};
		A431760C2B6FFBDE00093F0E /* Products */ = {
			isa = PBXGroup;
			children = (
				A431760B2B6FFBDE00093F0E /* UmbrellaFriend-iOS.app */,
			);
			name = Products;
			sourceTree = "<group>";
		};
		A431760D2B6FFBDE00093F0E /* UmbrellaFriend-iOS */ = {
			isa = PBXGroup;
			children = (
				A4998B952B70FD1D00883017 /* Application */,
				A4998B942B70FD1700883017 /* Global */,
				A4998B932B70FD1000883017 /* Network */,
				A4998B922B70FD0900883017 /* Presentation */,
				A431761C2B6FFBE000093F0E /* Info.plist */,
			);
			path = "UmbrellaFriend-iOS";
			sourceTree = "<group>";
		};
		A4998B922B70FD0900883017 /* Presentation */ = {
			isa = PBXGroup;
			children = (
				A4998C172B8053C100883017 /* Common */,
				A4998C082B7F4D3D00883017 /* Auth */,
				A4998C012B7F4ABD00883017 /* Splash */,
				A4998BD12B77DA5B00883017 /* UmbrellaRent */,
			);
			path = Presentation;
			sourceTree = "<group>";
		};
		A4998B932B70FD1000883017 /* Network */ = {
			isa = PBXGroup;
			children = (
				A4998BAD2B70FE4900883017 /* Environment */,
			);
			path = Network;
			sourceTree = "<group>";
		};
		A4998B942B70FD1700883017 /* Global */ = {
			isa = PBXGroup;
			children = (
				A4998B962B70FD2C00883017 /* Resources */,
				A4998B9B2B70FD6B00883017 /* Literals */,
				A4998B9A2B70FD6500883017 /* Extension */,
				A4998B992B70FD6000883017 /* Protocols */,
				A4998B982B70FD5A00883017 /* Utils */,
				A4998B972B70FD5200883017 /* SupportingFiles */,
			);
			path = Global;
			sourceTree = "<group>";
		};
		A4998B952B70FD1D00883017 /* Application */ = {
			isa = PBXGroup;
			children = (
				A431760E2B6FFBDE00093F0E /* AppDelegate.swift */,
				A43176102B6FFBDE00093F0E /* SceneDelegate.swift */,
			);
			path = Application;
			sourceTree = "<group>";
		};
		A4998B962B70FD2C00883017 /* Resources */ = {
			isa = PBXGroup;
			children = (
				A4998BEB2B79ED3900883017 /* Font */,
				A43176172B6FFBE000093F0E /* Assets.xcassets */,
				A4998BF52B7F403400883017 /* Colors.xcassets */,
			);
			path = Resources;
			sourceTree = "<group>";
		};
		A4998B972B70FD5200883017 /* SupportingFiles */ = {
			isa = PBXGroup;
			children = (
				A43176192B6FFBE000093F0E /* LaunchScreen.storyboard */,
			);
			path = SupportingFiles;
			sourceTree = "<group>";
		};
		A4998B982B70FD5A00883017 /* Utils */ = {
			isa = PBXGroup;
			children = (
				A4998BAB2B70FE3700883017 /* MakeVibrate.swift */,
			);
			path = Utils;
			sourceTree = "<group>";
		};
		A4998B992B70FD6000883017 /* Protocols */ = {
			isa = PBXGroup;
			children = (
				A4998BA72B70FE2000883017 /* UITableViewRegisterable.swift */,
				A4998BA92B70FE2B00883017 /* UICollectionViewRegisterable.swift */,
			);
			path = Protocols;
			sourceTree = "<group>";
		};
		A4998B9A2B70FD6500883017 /* Extension */ = {
			isa = PBXGroup;
			children = (
				A4998BA12B70FDB700883017 /* UIView+.swift */,
				A4998BA32B70FDCC00883017 /* UITextField+.swift */,
				A4998BA52B70FDFD00883017 /* UIStackView+.swift */,
				A4998BB52B710B0D00883017 /* NSObject+.swift */,
				A4998BE92B79EA7200883017 /* UILabel+.swift */,
				A4998C2A2B8088A000883017 /* UIButton+.swift */,
			);
			path = Extension;
			sourceTree = "<group>";
		};
		A4998B9B2B70FD6B00883017 /* Literals */ = {
			isa = PBXGroup;
			children = (
				A4998B9D2B70FD9D00883017 /* FontLiterals.swift */,
				A4998B9F2B70FDAA00883017 /* SizeLiterals.swift */,
			);
			path = Literals;
			sourceTree = "<group>";
		};
		A4998BAD2B70FE4900883017 /* Environment */ = {
			isa = PBXGroup;
			children = (
				A4998BAE2B70FE5400883017 /* Config.swift */,
			);
			path = Environment;
			sourceTree = "<group>";
		};
		A4998BD12B77DA5B00883017 /* UmbrellaRent */ = {
			isa = PBXGroup;
			children = (
				A4998BE22B77DC5A00883017 /* View */,
				A4998BE12B77DC5100883017 /* ViewController */,
			);
			path = UmbrellaRent;
			sourceTree = "<group>";
		};
		A4998BE12B77DC5100883017 /* ViewController */ = {
			isa = PBXGroup;
			children = (
				A4998BE32B77DC6A00883017 /* UmbrellaRentViewController.swift */,
			);
			path = ViewController;
			sourceTree = "<group>";
		};
		A4998BE22B77DC5A00883017 /* View */ = {
			isa = PBXGroup;
			children = (
				A4998BE52B77DC7400883017 /* UmbrellaRentView.swift */,
			);
			path = View;
			sourceTree = "<group>";
		};
		A4998BEB2B79ED3900883017 /* Font */ = {
			isa = PBXGroup;
			children = (
				A4998BFF2B7F432B00883017 /* TmoneyRoundWindExtraBold.ttf */,
				A4998BFA2B7F431A00883017 /* SUIT-Bold.ttf */,
				A4998BF92B7F431A00883017 /* SUIT-Medium.ttf */,
				A4998BFB2B7F431A00883017 /* SUIT-Regular.ttf */,
				A4998BEC2B79ED4300883017 /* SUIT-SemiBold.ttf */,
			);
			path = Font;
			sourceTree = "<group>";
		};
		A4998C012B7F4ABD00883017 /* Splash */ = {
			isa = PBXGroup;
			children = (
				A4998C032B7F4B0500883017 /* View */,
				A4998C022B7F4AFD00883017 /* ViewController */,
			);
			path = Splash;
			sourceTree = "<group>";
		};
		A4998C022B7F4AFD00883017 /* ViewController */ = {
			isa = PBXGroup;
			children = (
				A4998C042B7F4B1900883017 /* SplashViewController.swift */,
			);
			path = ViewController;
			sourceTree = "<group>";
		};
		A4998C032B7F4B0500883017 /* View */ = {
			isa = PBXGroup;
			children = (
				A4998C062B7F4B2500883017 /* SplashView.swift */,
			);
			path = View;
			sourceTree = "<group>";
		};
		A4998C082B7F4D3D00883017 /* Auth */ = {
			isa = PBXGroup;
			children = (
				A4998C092B7F4D4100883017 /* LogoScene */,
				A4998C102B80500400883017 /* LoginScene */,
				A4998C232B80839E00883017 /* PhotoAttachScene */,
				A4998C222B80838B00883017 /* SignupScene */,
			);
			path = Auth;
			sourceTree = "<group>";
		};
		A4998C092B7F4D4100883017 /* LogoScene */ = {
			isa = PBXGroup;
			children = (
				A4998C0B2B7F4D7F00883017 /* View */,
				A4998C0A2B7F4D7900883017 /* ViewController */,
			);
			path = LogoScene;
			sourceTree = "<group>";
		};
		A4998C0A2B7F4D7900883017 /* ViewController */ = {
			isa = PBXGroup;
			children = (
				A4998C0C2B7F4D8900883017 /* LogoViewController.swift */,
			);
			path = ViewController;
			sourceTree = "<group>";
		};
		A4998C0B2B7F4D7F00883017 /* View */ = {
			isa = PBXGroup;
			children = (
				A4998C0E2B7F50A400883017 /* LogoView.swift */,
			);
			path = View;
			sourceTree = "<group>";
		};
		A4998C102B80500400883017 /* LoginScene */ = {
			isa = PBXGroup;
			children = (
				A4998C122B80501200883017 /* View */,
				A4998C112B80500D00883017 /* ViewController */,
			);
			path = LoginScene;
			sourceTree = "<group>";
		};
		A4998C112B80500D00883017 /* ViewController */ = {
			isa = PBXGroup;
			children = (
				A4998C132B80501D00883017 /* LoginViewController.swift */,
			);
			path = ViewController;
			sourceTree = "<group>";
		};
		A4998C122B80501200883017 /* View */ = {
			isa = PBXGroup;
			children = (
				A4998C152B80502900883017 /* LoginView.swift */,
			);
			path = View;
			sourceTree = "<group>";
		};
		A4998C172B8053C100883017 /* Common */ = {
			isa = PBXGroup;
			children = (
				A4998C1B2B805A7200883017 /* UIComponents */,
			);
			path = Common;
			sourceTree = "<group>";
		};
		A4998C1B2B805A7200883017 /* UIComponents */ = {
			isa = PBXGroup;
			children = (
				A4998C192B8053E300883017 /* CustomNavigationBar.swift */,
				A4998C1C2B805AB000883017 /* CustomButton.swift */,
				A4998C1E2B805AB900883017 /* CustomTextField.swift */,
			);
			path = UIComponents;
			sourceTree = "<group>";
		};
		A4998C222B80838B00883017 /* SignupScene */ = {
			isa = PBXGroup;
			children = (
			);
			path = SignupScene;
			sourceTree = "<group>";
		};
		A4998C232B80839E00883017 /* PhotoAttachScene */ = {
			isa = PBXGroup;
			children = (
				A4998C252B80844000883017 /* View */,
				A4998C242B80843A00883017 /* ViewController */,
			);
			path = PhotoAttachScene;
			sourceTree = "<group>";
		};
		A4998C242B80843A00883017 /* ViewController */ = {
			isa = PBXGroup;
			children = (
				A4998C262B80845300883017 /* PhotoAttachViewController.swift */,
			);
			path = ViewController;
			sourceTree = "<group>";
		};
		A4998C252B80844000883017 /* View */ = {
			isa = PBXGroup;
			children = (
				A4998C282B80846000883017 /* PhotoAttachView.swift */,
			);
			path = View;
			sourceTree = "<group>";
		};
/* End PBXGroup section */

/* Begin PBXNativeTarget section */
		A431760A2B6FFBDE00093F0E /* UmbrellaFriend-iOS */ = {
			isa = PBXNativeTarget;
			buildConfigurationList = A431761F2B6FFBE000093F0E /* Build configuration list for PBXNativeTarget "UmbrellaFriend-iOS" */;
			buildPhases = (
				A43176072B6FFBDE00093F0E /* Sources */,
				A43176082B6FFBDE00093F0E /* Frameworks */,
				A43176092B6FFBDE00093F0E /* Resources */,
			);
			buildRules = (
			);
			dependencies = (
			);
			name = "UmbrellaFriend-iOS";
			packageProductDependencies = (
				A4998BB12B70FEB300883017 /* SnapKit */,
				A4998BD92B77DC3B00883017 /* CombineMoya */,
				A4998BDB2B77DC3B00883017 /* Moya */,
				A4998BDD2B77DC3B00883017 /* ReactiveMoya */,
				A4998BDF2B77DC3B00883017 /* RxMoya */,
			);
			productName = "UmbrellaFriend-iOS";
			productReference = A431760B2B6FFBDE00093F0E /* UmbrellaFriend-iOS.app */;
			productType = "com.apple.product-type.application";
		};
/* End PBXNativeTarget section */

/* Begin PBXProject section */
		A43176032B6FFBDE00093F0E /* Project object */ = {
			isa = PBXProject;
			attributes = {
				BuildIndependentTargetsInParallel = 1;
				LastSwiftUpdateCheck = 1520;
				LastUpgradeCheck = 1520;
				TargetAttributes = {
					A431760A2B6FFBDE00093F0E = {
						CreatedOnToolsVersion = 15.2;
					};
				};
			};
			buildConfigurationList = A43176062B6FFBDE00093F0E /* Build configuration list for PBXProject "UmbrellaFriend-iOS" */;
			compatibilityVersion = "Xcode 14.0";
			developmentRegion = en;
			hasScannedForEncodings = 0;
			knownRegions = (
				en,
				Base,
			);
			mainGroup = A43176022B6FFBDE00093F0E;
			packageReferences = (
				A4998BB02B70FEB300883017 /* XCRemoteSwiftPackageReference "SnapKit" */,
				A4998BD82B77DC3B00883017 /* XCRemoteSwiftPackageReference "Moya" */,
			);
			productRefGroup = A431760C2B6FFBDE00093F0E /* Products */;
			projectDirPath = "";
			projectRoot = "";
			targets = (
				A431760A2B6FFBDE00093F0E /* UmbrellaFriend-iOS */,
			);
		};
/* End PBXProject section */

/* Begin PBXResourcesBuildPhase section */
		A43176092B6FFBDE00093F0E /* Resources */ = {
			isa = PBXResourcesBuildPhase;
			buildActionMask = 2147483647;
			files = (
				A4998BFD2B7F431A00883017 /* SUIT-Bold.ttf in Resources */,
				A4998BED2B79ED4300883017 /* SUIT-SemiBold.ttf in Resources */,
				A4998BFE2B7F431A00883017 /* SUIT-Regular.ttf in Resources */,
				A4998C002B7F432B00883017 /* TmoneyRoundWindExtraBold.ttf in Resources */,
				A4998BF62B7F403400883017 /* Colors.xcassets in Resources */,
				A4998BFC2B7F431A00883017 /* SUIT-Medium.ttf in Resources */,
				A431761B2B6FFBE000093F0E /* LaunchScreen.storyboard in Resources */,
				A43176182B6FFBE000093F0E /* Assets.xcassets in Resources */,
			);
			runOnlyForDeploymentPostprocessing = 0;
		};
/* End PBXResourcesBuildPhase section */

/* Begin PBXSourcesBuildPhase section */
		A43176072B6FFBDE00093F0E /* Sources */ = {
			isa = PBXSourcesBuildPhase;
			buildActionMask = 2147483647;
			files = (
				A4998BE42B77DC6A00883017 /* UmbrellaRentViewController.swift in Sources */,
				A4998BA22B70FDB700883017 /* UIView+.swift in Sources */,
				A4998C072B7F4B2500883017 /* SplashView.swift in Sources */,
				A4998BA02B70FDAA00883017 /* SizeLiterals.swift in Sources */,
				A4998C2B2B8088A000883017 /* UIButton+.swift in Sources */,
				A4998BA42B70FDCC00883017 /* UITextField+.swift in Sources */,
				A4998C0D2B7F4D8900883017 /* LogoViewController.swift in Sources */,
				A4998B9E2B70FD9D00883017 /* FontLiterals.swift in Sources */,
				A4998C0F2B7F50A400883017 /* LogoView.swift in Sources */,
				A4998C142B80501D00883017 /* LoginViewController.swift in Sources */,
				A4998BAF2B70FE5400883017 /* Config.swift in Sources */,
				A431760F2B6FFBDE00093F0E /* AppDelegate.swift in Sources */,
				A43176112B6FFBDE00093F0E /* SceneDelegate.swift in Sources */,
				A4998BAA2B70FE2B00883017 /* UICollectionViewRegisterable.swift in Sources */,
				A4998BA62B70FDFD00883017 /* UIStackView+.swift in Sources */,
				A4998BB62B710B0D00883017 /* NSObject+.swift in Sources */,
				A4998C162B80502900883017 /* LoginView.swift in Sources */,
				A4998BAC2B70FE3700883017 /* MakeVibrate.swift in Sources */,
				A4998C1D2B805AB000883017 /* CustomButton.swift in Sources */,
				A4998BEA2B79EA7200883017 /* UILabel+.swift in Sources */,
				A4998C272B80845300883017 /* PhotoAttachViewController.swift in Sources */,
				A4998C292B80846000883017 /* PhotoAttachView.swift in Sources */,
				A4998BA82B70FE2000883017 /* UITableViewRegisterable.swift in Sources */,
				A4998C1F2B805AB900883017 /* CustomTextField.swift in Sources */,
				A4998C1A2B8053E300883017 /* CustomNavigationBar.swift in Sources */,
				A4998BE62B77DC7400883017 /* UmbrellaRentView.swift in Sources */,
				A4998C052B7F4B1900883017 /* SplashViewController.swift in Sources */,
			);
			runOnlyForDeploymentPostprocessing = 0;
		};
/* End PBXSourcesBuildPhase section */

/* Begin PBXVariantGroup section */
		A43176192B6FFBE000093F0E /* LaunchScreen.storyboard */ = {
			isa = PBXVariantGroup;
			children = (
				A431761A2B6FFBE000093F0E /* Base */,
			);
			name = LaunchScreen.storyboard;
			sourceTree = "<group>";
		};
/* End PBXVariantGroup section */

/* Begin XCBuildConfiguration section */
		A431761D2B6FFBE000093F0E /* Debug */ = {
			isa = XCBuildConfiguration;
			buildSettings = {
				ALWAYS_SEARCH_USER_PATHS = NO;
				ASSETCATALOG_COMPILER_GENERATE_SWIFT_ASSET_SYMBOL_EXTENSIONS = YES;
				CLANG_ANALYZER_NONNULL = YES;
				CLANG_ANALYZER_NUMBER_OBJECT_CONVERSION = YES_AGGRESSIVE;
				CLANG_CXX_LANGUAGE_STANDARD = "gnu++20";
				CLANG_ENABLE_MODULES = YES;
				CLANG_ENABLE_OBJC_ARC = YES;
				CLANG_ENABLE_OBJC_WEAK = YES;
				CLANG_WARN_BLOCK_CAPTURE_AUTORELEASING = YES;
				CLANG_WARN_BOOL_CONVERSION = YES;
				CLANG_WARN_COMMA = YES;
				CLANG_WARN_CONSTANT_CONVERSION = YES;
				CLANG_WARN_DEPRECATED_OBJC_IMPLEMENTATIONS = YES;
				CLANG_WARN_DIRECT_OBJC_ISA_USAGE = YES_ERROR;
				CLANG_WARN_DOCUMENTATION_COMMENTS = YES;
				CLANG_WARN_EMPTY_BODY = YES;
				CLANG_WARN_ENUM_CONVERSION = YES;
				CLANG_WARN_INFINITE_RECURSION = YES;
				CLANG_WARN_INT_CONVERSION = YES;
				CLANG_WARN_NON_LITERAL_NULL_CONVERSION = YES;
				CLANG_WARN_OBJC_IMPLICIT_RETAIN_SELF = YES;
				CLANG_WARN_OBJC_LITERAL_CONVERSION = YES;
				CLANG_WARN_OBJC_ROOT_CLASS = YES_ERROR;
				CLANG_WARN_QUOTED_INCLUDE_IN_FRAMEWORK_HEADER = YES;
				CLANG_WARN_RANGE_LOOP_ANALYSIS = YES;
				CLANG_WARN_STRICT_PROTOTYPES = YES;
				CLANG_WARN_SUSPICIOUS_MOVE = YES;
				CLANG_WARN_UNGUARDED_AVAILABILITY = YES_AGGRESSIVE;
				CLANG_WARN_UNREACHABLE_CODE = YES;
				CLANG_WARN__DUPLICATE_METHOD_MATCH = YES;
				COPY_PHASE_STRIP = NO;
				DEBUG_INFORMATION_FORMAT = dwarf;
				ENABLE_STRICT_OBJC_MSGSEND = YES;
				ENABLE_TESTABILITY = YES;
				ENABLE_USER_SCRIPT_SANDBOXING = YES;
				GCC_C_LANGUAGE_STANDARD = gnu17;
				GCC_DYNAMIC_NO_PIC = NO;
				GCC_NO_COMMON_BLOCKS = YES;
				GCC_OPTIMIZATION_LEVEL = 0;
				GCC_PREPROCESSOR_DEFINITIONS = (
					"DEBUG=1",
					"$(inherited)",
				);
				GCC_WARN_64_TO_32_BIT_CONVERSION = YES;
				GCC_WARN_ABOUT_RETURN_TYPE = YES_ERROR;
				GCC_WARN_UNDECLARED_SELECTOR = YES;
				GCC_WARN_UNINITIALIZED_AUTOS = YES_AGGRESSIVE;
				GCC_WARN_UNUSED_FUNCTION = YES;
				GCC_WARN_UNUSED_VARIABLE = YES;
				INFOPLIST_KEY_CFBundleDisplayName = "우산친구";
				IPHONEOS_DEPLOYMENT_TARGET = 16.0;
				LOCALIZATION_PREFERS_STRING_CATALOGS = YES;
				MTL_ENABLE_DEBUG_INFO = INCLUDE_SOURCE;
				MTL_FAST_MATH = YES;
				ONLY_ACTIVE_ARCH = YES;
				SDKROOT = iphoneos;
				SWIFT_ACTIVE_COMPILATION_CONDITIONS = "DEBUG $(inherited)";
				SWIFT_OPTIMIZATION_LEVEL = "-Onone";
			};
			name = Debug;
		};
		A431761E2B6FFBE000093F0E /* Release */ = {
			isa = XCBuildConfiguration;
			buildSettings = {
				ALWAYS_SEARCH_USER_PATHS = NO;
				ASSETCATALOG_COMPILER_GENERATE_SWIFT_ASSET_SYMBOL_EXTENSIONS = YES;
				CLANG_ANALYZER_NONNULL = YES;
				CLANG_ANALYZER_NUMBER_OBJECT_CONVERSION = YES_AGGRESSIVE;
				CLANG_CXX_LANGUAGE_STANDARD = "gnu++20";
				CLANG_ENABLE_MODULES = YES;
				CLANG_ENABLE_OBJC_ARC = YES;
				CLANG_ENABLE_OBJC_WEAK = YES;
				CLANG_WARN_BLOCK_CAPTURE_AUTORELEASING = YES;
				CLANG_WARN_BOOL_CONVERSION = YES;
				CLANG_WARN_COMMA = YES;
				CLANG_WARN_CONSTANT_CONVERSION = YES;
				CLANG_WARN_DEPRECATED_OBJC_IMPLEMENTATIONS = YES;
				CLANG_WARN_DIRECT_OBJC_ISA_USAGE = YES_ERROR;
				CLANG_WARN_DOCUMENTATION_COMMENTS = YES;
				CLANG_WARN_EMPTY_BODY = YES;
				CLANG_WARN_ENUM_CONVERSION = YES;
				CLANG_WARN_INFINITE_RECURSION = YES;
				CLANG_WARN_INT_CONVERSION = YES;
				CLANG_WARN_NON_LITERAL_NULL_CONVERSION = YES;
				CLANG_WARN_OBJC_IMPLICIT_RETAIN_SELF = YES;
				CLANG_WARN_OBJC_LITERAL_CONVERSION = YES;
				CLANG_WARN_OBJC_ROOT_CLASS = YES_ERROR;
				CLANG_WARN_QUOTED_INCLUDE_IN_FRAMEWORK_HEADER = YES;
				CLANG_WARN_RANGE_LOOP_ANALYSIS = YES;
				CLANG_WARN_STRICT_PROTOTYPES = YES;
				CLANG_WARN_SUSPICIOUS_MOVE = YES;
				CLANG_WARN_UNGUARDED_AVAILABILITY = YES_AGGRESSIVE;
				CLANG_WARN_UNREACHABLE_CODE = YES;
				CLANG_WARN__DUPLICATE_METHOD_MATCH = YES;
				COPY_PHASE_STRIP = NO;
				DEBUG_INFORMATION_FORMAT = "dwarf-with-dsym";
				ENABLE_NS_ASSERTIONS = NO;
				ENABLE_STRICT_OBJC_MSGSEND = YES;
				ENABLE_USER_SCRIPT_SANDBOXING = YES;
				GCC_C_LANGUAGE_STANDARD = gnu17;
				GCC_NO_COMMON_BLOCKS = YES;
				GCC_WARN_64_TO_32_BIT_CONVERSION = YES;
				GCC_WARN_ABOUT_RETURN_TYPE = YES_ERROR;
				GCC_WARN_UNDECLARED_SELECTOR = YES;
				GCC_WARN_UNINITIALIZED_AUTOS = YES_AGGRESSIVE;
				GCC_WARN_UNUSED_FUNCTION = YES;
				GCC_WARN_UNUSED_VARIABLE = YES;
				INFOPLIST_KEY_CFBundleDisplayName = "우산친구";
				IPHONEOS_DEPLOYMENT_TARGET = 16.0;
				LOCALIZATION_PREFERS_STRING_CATALOGS = YES;
				MTL_ENABLE_DEBUG_INFO = NO;
				MTL_FAST_MATH = YES;
				SDKROOT = iphoneos;
				SWIFT_COMPILATION_MODE = wholemodule;
				VALIDATE_PRODUCT = YES;
			};
			name = Release;
		};
		A43176202B6FFBE000093F0E /* Debug */ = {
			isa = XCBuildConfiguration;
			buildSettings = {
				ASSETCATALOG_COMPILER_APPICON_NAME = AppIcon;
				ASSETCATALOG_COMPILER_GLOBAL_ACCENT_COLOR_NAME = AccentColor;
				CODE_SIGN_STYLE = Automatic;
				CURRENT_PROJECT_VERSION = 1;
				DEVELOPMENT_TEAM = XGXWL95BMU;
				GENERATE_INFOPLIST_FILE = YES;
				INFOPLIST_FILE = "UmbrellaFriend-iOS/Info.plist";
				INFOPLIST_KEY_UIApplicationSupportsIndirectInputEvents = YES;
				INFOPLIST_KEY_UILaunchStoryboardName = LaunchScreen;
				INFOPLIST_KEY_UISupportedInterfaceOrientations_iPad = "UIInterfaceOrientationPortrait UIInterfaceOrientationPortraitUpsideDown UIInterfaceOrientationLandscapeLeft UIInterfaceOrientationLandscapeRight";
				INFOPLIST_KEY_UISupportedInterfaceOrientations_iPhone = "UIInterfaceOrientationPortrait UIInterfaceOrientationLandscapeLeft UIInterfaceOrientationLandscapeRight";
				LD_RUNPATH_SEARCH_PATHS = (
					"$(inherited)",
					"@executable_path/Frameworks",
				);
				MARKETING_VERSION = 1.0;
				PRODUCT_BUNDLE_IDENTIFIER = "ahra.UmbrellaFriend-iOS";
				PRODUCT_NAME = "$(TARGET_NAME)";
				SWIFT_EMIT_LOC_STRINGS = YES;
				SWIFT_VERSION = 5.0;
				TARGETED_DEVICE_FAMILY = "1,2";
			};
			name = Debug;
		};
		A43176212B6FFBE000093F0E /* Release */ = {
			isa = XCBuildConfiguration;
			buildSettings = {
				ASSETCATALOG_COMPILER_APPICON_NAME = AppIcon;
				ASSETCATALOG_COMPILER_GLOBAL_ACCENT_COLOR_NAME = AccentColor;
				CODE_SIGN_STYLE = Automatic;
				CURRENT_PROJECT_VERSION = 1;
				DEVELOPMENT_TEAM = XGXWL95BMU;
				GENERATE_INFOPLIST_FILE = YES;
				INFOPLIST_FILE = "UmbrellaFriend-iOS/Info.plist";
				INFOPLIST_KEY_UIApplicationSupportsIndirectInputEvents = YES;
				INFOPLIST_KEY_UILaunchStoryboardName = LaunchScreen;
				INFOPLIST_KEY_UISupportedInterfaceOrientations_iPad = "UIInterfaceOrientationPortrait UIInterfaceOrientationPortraitUpsideDown UIInterfaceOrientationLandscapeLeft UIInterfaceOrientationLandscapeRight";
				INFOPLIST_KEY_UISupportedInterfaceOrientations_iPhone = "UIInterfaceOrientationPortrait UIInterfaceOrientationLandscapeLeft UIInterfaceOrientationLandscapeRight";
				LD_RUNPATH_SEARCH_PATHS = (
					"$(inherited)",
					"@executable_path/Frameworks",
				);
				MARKETING_VERSION = 1.0;
				PRODUCT_BUNDLE_IDENTIFIER = "ahra.UmbrellaFriend-iOS";
				PRODUCT_NAME = "$(TARGET_NAME)";
				SWIFT_EMIT_LOC_STRINGS = YES;
				SWIFT_VERSION = 5.0;
				TARGETED_DEVICE_FAMILY = "1,2";
			};
			name = Release;
		};
/* End XCBuildConfiguration section */

/* Begin XCConfigurationList section */
		A43176062B6FFBDE00093F0E /* Build configuration list for PBXProject "UmbrellaFriend-iOS" */ = {
			isa = XCConfigurationList;
			buildConfigurations = (
				A431761D2B6FFBE000093F0E /* Debug */,
				A431761E2B6FFBE000093F0E /* Release */,
			);
			defaultConfigurationIsVisible = 0;
			defaultConfigurationName = Release;
		};
		A431761F2B6FFBE000093F0E /* Build configuration list for PBXNativeTarget "UmbrellaFriend-iOS" */ = {
			isa = XCConfigurationList;
			buildConfigurations = (
				A43176202B6FFBE000093F0E /* Debug */,
				A43176212B6FFBE000093F0E /* Release */,
			);
			defaultConfigurationIsVisible = 0;
			defaultConfigurationName = Release;
		};
/* End XCConfigurationList section */

/* Begin XCRemoteSwiftPackageReference section */
		A4998BB02B70FEB300883017 /* XCRemoteSwiftPackageReference "SnapKit" */ = {
			isa = XCRemoteSwiftPackageReference;
			repositoryURL = "https://github.com/SnapKit/SnapKit.git";
			requirement = {
				kind = upToNextMajorVersion;
				minimumVersion = 5.7.0;
			};
		};
		A4998BD82B77DC3B00883017 /* XCRemoteSwiftPackageReference "Moya" */ = {
			isa = XCRemoteSwiftPackageReference;
			repositoryURL = "https://github.com/Moya/Moya";
			requirement = {
				kind = upToNextMajorVersion;
				minimumVersion = 15.0.3;
			};
		};
/* End XCRemoteSwiftPackageReference section */

/* Begin XCSwiftPackageProductDependency section */
		A4998BB12B70FEB300883017 /* SnapKit */ = {
			isa = XCSwiftPackageProductDependency;
			package = A4998BB02B70FEB300883017 /* XCRemoteSwiftPackageReference "SnapKit" */;
			productName = SnapKit;
		};
		A4998BD92B77DC3B00883017 /* CombineMoya */ = {
			isa = XCSwiftPackageProductDependency;
			package = A4998BD82B77DC3B00883017 /* XCRemoteSwiftPackageReference "Moya" */;
			productName = CombineMoya;
		};
		A4998BDB2B77DC3B00883017 /* Moya */ = {
			isa = XCSwiftPackageProductDependency;
			package = A4998BD82B77DC3B00883017 /* XCRemoteSwiftPackageReference "Moya" */;
			productName = Moya;
		};
		A4998BDD2B77DC3B00883017 /* ReactiveMoya */ = {
			isa = XCSwiftPackageProductDependency;
			package = A4998BD82B77DC3B00883017 /* XCRemoteSwiftPackageReference "Moya" */;
			productName = ReactiveMoya;
		};
		A4998BDF2B77DC3B00883017 /* RxMoya */ = {
			isa = XCSwiftPackageProductDependency;
			package = A4998BD82B77DC3B00883017 /* XCRemoteSwiftPackageReference "Moya" */;
			productName = RxMoya;
		};
/* End XCSwiftPackageProductDependency section */
	};
	rootObject = A43176032B6FFBDE00093F0E /* Project object */;
}
